// !$*UTF8*$!
{
	archiveVersion = 1;
	classes = {
	};
	objectVersion = 50;
	objects = {

/* Begin PBXBuildFile section */
		3D76F547E1B9D81738C69EE4 /* Pods_MyBooksTests.framework in Frameworks */ = {isa = PBXBuildFile; fileRef = 09B481E7CB3FFB2033E2DFA6 /* Pods_MyBooksTests.framework */; };
		475D122781E67A36413013B9 /* Pods_MyBooks.framework in Frameworks */ = {isa = PBXBuildFile; fileRef = 1CF3133775E76A67C10F08EA /* Pods_MyBooks.framework */; };
		6C17EC52FAC1598D7F616B04 /* Pods_MyBooksUITests.framework in Frameworks */ = {isa = PBXBuildFile; fileRef = B630D6DAF71F486EF11896F5 /* Pods_MyBooksUITests.framework */; };
		95397A64230E5AC0004D5309 /* AppDelegate.swift in Sources */ = {isa = PBXBuildFile; fileRef = 95397A63230E5AC0004D5309 /* AppDelegate.swift */; };
		95397A66230E5AC0004D5309 /* ViewController.swift in Sources */ = {isa = PBXBuildFile; fileRef = 95397A65230E5AC0004D5309 /* ViewController.swift */; };
		95397A69230E5AC0004D5309 /* Main.storyboard in Resources */ = {isa = PBXBuildFile; fileRef = 95397A67230E5AC0004D5309 /* Main.storyboard */; };
		95397A6C230E5AC0004D5309 /* MyBooks.xcdatamodeld in Sources */ = {isa = PBXBuildFile; fileRef = 95397A6A230E5AC0004D5309 /* MyBooks.xcdatamodeld */; };
		95397A6E230E5AC1004D5309 /* Assets.xcassets in Resources */ = {isa = PBXBuildFile; fileRef = 95397A6D230E5AC1004D5309 /* Assets.xcassets */; };
		95397A71230E5AC1004D5309 /* LaunchScreen.storyboard in Resources */ = {isa = PBXBuildFile; fileRef = 95397A6F230E5AC1004D5309 /* LaunchScreen.storyboard */; };
		95397A7C230E5AC1004D5309 /* MyBooksTests.swift in Sources */ = {isa = PBXBuildFile; fileRef = 95397A7B230E5AC1004D5309 /* MyBooksTests.swift */; };
		95397A87230E5AC1004D5309 /* MyBooksUITests.swift in Sources */ = {isa = PBXBuildFile; fileRef = 95397A86230E5AC1004D5309 /* MyBooksUITests.swift */; };
		95397A95230E61B9004D5309 /* GoogleService-Info.plist in Resources */ = {isa = PBXBuildFile; fileRef = 95397A94230E61B9004D5309 /* GoogleService-Info.plist */; };
		95397A9D230E80A7004D5309 /* NewViewController.swift in Sources */ = {isa = PBXBuildFile; fileRef = 95397A9C230E80A7004D5309 /* NewViewController.swift */; };
/* End PBXBuildFile section */

/* Begin PBXContainerItemProxy section */
		95397A78230E5AC1004D5309 /* PBXContainerItemProxy */ = {
			isa = PBXContainerItemProxy;
			containerPortal = 95397A58230E5AC0004D5309 /* Project object */;
			proxyType = 1;
			remoteGlobalIDString = 95397A5F230E5AC0004D5309;
			remoteInfo = MyBooks;
		};
		95397A83230E5AC1004D5309 /* PBXContainerItemProxy */ = {
			isa = PBXContainerItemProxy;
			containerPortal = 95397A58230E5AC0004D5309 /* Project object */;
			proxyType = 1;
			remoteGlobalIDString = 95397A5F230E5AC0004D5309;
			remoteInfo = MyBooks;
		};
/* End PBXContainerItemProxy section */

/* Begin PBXFileReference section */
		09B481E7CB3FFB2033E2DFA6 /* Pods_MyBooksTests.framework */ = {isa = PBXFileReference; explicitFileType = wrapper.framework; includeInIndex = 0; path = Pods_MyBooksTests.framework; sourceTree = BUILT_PRODUCTS_DIR; };
		1CF3133775E76A67C10F08EA /* Pods_MyBooks.framework */ = {isa = PBXFileReference; explicitFileType = wrapper.framework; includeInIndex = 0; path = Pods_MyBooks.framework; sourceTree = BUILT_PRODUCTS_DIR; };
		373A4FF34147C4A77ED14F62 /* Pods-MyBooks.release.xcconfig */ = {isa = PBXFileReference; includeInIndex = 1; lastKnownFileType = text.xcconfig; name = "Pods-MyBooks.release.xcconfig"; path = "Target Support Files/Pods-MyBooks/Pods-MyBooks.release.xcconfig"; sourceTree = "<group>"; };
		3A3EED26D1B5028704A65AA4 /* Pods-MyBooksTests.release.xcconfig */ = {isa = PBXFileReference; includeInIndex = 1; lastKnownFileType = text.xcconfig; name = "Pods-MyBooksTests.release.xcconfig"; path = "Target Support Files/Pods-MyBooksTests/Pods-MyBooksTests.release.xcconfig"; sourceTree = "<group>"; };
		3A79CA15E099F20C5C024894 /* Pods-MyBooksUITests.release.xcconfig */ = {isa = PBXFileReference; includeInIndex = 1; lastKnownFileType = text.xcconfig; name = "Pods-MyBooksUITests.release.xcconfig"; path = "Target Support Files/Pods-MyBooksUITests/Pods-MyBooksUITests.release.xcconfig"; sourceTree = "<group>"; };
		7EFFE6F540317411D92563E8 /* Pods-MyBooks.debug.xcconfig */ = {isa = PBXFileReference; includeInIndex = 1; lastKnownFileType = text.xcconfig; name = "Pods-MyBooks.debug.xcconfig"; path = "Target Support Files/Pods-MyBooks/Pods-MyBooks.debug.xcconfig"; sourceTree = "<group>"; };
		95397A60230E5AC0004D5309 /* MyBooks.app */ = {isa = PBXFileReference; explicitFileType = wrapper.application; includeInIndex = 0; path = MyBooks.app; sourceTree = BUILT_PRODUCTS_DIR; };
		95397A63230E5AC0004D5309 /* AppDelegate.swift */ = {isa = PBXFileReference; lastKnownFileType = sourcecode.swift; path = AppDelegate.swift; sourceTree = "<group>"; };
		95397A65230E5AC0004D5309 /* ViewController.swift */ = {isa = PBXFileReference; lastKnownFileType = sourcecode.swift; path = ViewController.swift; sourceTree = "<group>"; };
		95397A68230E5AC0004D5309 /* Base */ = {isa = PBXFileReference; lastKnownFileType = file.storyboard; name = Base; path = Base.lproj/Main.storyboard; sourceTree = "<group>"; };
		95397A6B230E5AC0004D5309 /* MyBooks.xcdatamodel */ = {isa = PBXFileReference; lastKnownFileType = wrapper.xcdatamodel; path = MyBooks.xcdatamodel; sourceTree = "<group>"; };
		95397A6D230E5AC1004D5309 /* Assets.xcassets */ = {isa = PBXFileReference; lastKnownFileType = folder.assetcatalog; path = Assets.xcassets; sourceTree = "<group>"; };
		95397A70230E5AC1004D5309 /* Base */ = {isa = PBXFileReference; lastKnownFileType = file.storyboard; name = Base; path = Base.lproj/LaunchScreen.storyboard; sourceTree = "<group>"; };
		95397A72230E5AC1004D5309 /* Info.plist */ = {isa = PBXFileReference; lastKnownFileType = text.plist.xml; path = Info.plist; sourceTree = "<group>"; };
		95397A77230E5AC1004D5309 /* MyBooksTests.xctest */ = {isa = PBXFileReference; explicitFileType = wrapper.cfbundle; includeInIndex = 0; path = MyBooksTests.xctest; sourceTree = BUILT_PRODUCTS_DIR; };
		95397A7B230E5AC1004D5309 /* MyBooksTests.swift */ = {isa = PBXFileReference; lastKnownFileType = sourcecode.swift; path = MyBooksTests.swift; sourceTree = "<group>"; };
		95397A7D230E5AC1004D5309 /* Info.plist */ = {isa = PBXFileReference; lastKnownFileType = text.plist.xml; path = Info.plist; sourceTree = "<group>"; };
		95397A82230E5AC1004D5309 /* MyBooksUITests.xctest */ = {isa = PBXFileReference; explicitFileType = wrapper.cfbundle; includeInIndex = 0; path = MyBooksUITests.xctest; sourceTree = BUILT_PRODUCTS_DIR; };
		95397A86230E5AC1004D5309 /* MyBooksUITests.swift */ = {isa = PBXFileReference; lastKnownFileType = sourcecode.swift; path = MyBooksUITests.swift; sourceTree = "<group>"; };
		95397A88230E5AC1004D5309 /* Info.plist */ = {isa = PBXFileReference; lastKnownFileType = text.plist.xml; path = Info.plist; sourceTree = "<group>"; };
		95397A94230E61B9004D5309 /* GoogleService-Info.plist */ = {isa = PBXFileReference; fileEncoding = 4; lastKnownFileType = text.plist.xml; path = "GoogleService-Info.plist"; sourceTree = "<group>"; };
		95397A9C230E80A7004D5309 /* NewViewController.swift */ = {isa = PBXFileReference; lastKnownFileType = sourcecode.swift; path = NewViewController.swift; sourceTree = "<group>"; };
		B0841B2A6FF2A4CA83DC0D74 /* Pods-MyBooksUITests.debug.xcconfig */ = {isa = PBXFileReference; includeInIndex = 1; lastKnownFileType = text.xcconfig; name = "Pods-MyBooksUITests.debug.xcconfig"; path = "Target Support Files/Pods-MyBooksUITests/Pods-MyBooksUITests.debug.xcconfig"; sourceTree = "<group>"; };
		B630D6DAF71F486EF11896F5 /* Pods_MyBooksUITests.framework */ = {isa = PBXFileReference; explicitFileType = wrapper.framework; includeInIndex = 0; path = Pods_MyBooksUITests.framework; sourceTree = BUILT_PRODUCTS_DIR; };
		DB8F3E8068148681A3FE41AD /* Pods-MyBooksTests.debug.xcconfig */ = {isa = PBXFileReference; includeInIndex = 1; lastKnownFileType = text.xcconfig; name = "Pods-MyBooksTests.debug.xcconfig"; path = "Target Support Files/Pods-MyBooksTests/Pods-MyBooksTests.debug.xcconfig"; sourceTree = "<group>"; };
/* End PBXFileReference section */

/* Begin PBXFrameworksBuildPhase section */
		95397A5D230E5AC0004D5309 /* Frameworks */ = {
			isa = PBXFrameworksBuildPhase;
			buildActionMask = 2147483647;
			files = (
				475D122781E67A36413013B9 /* Pods_MyBooks.framework in Frameworks */,
			);
			runOnlyForDeploymentPostprocessing = 0;
		};
		95397A74230E5AC1004D5309 /* Frameworks */ = {
			isa = PBXFrameworksBuildPhase;
			buildActionMask = 2147483647;
			files = (
				3D76F547E1B9D81738C69EE4 /* Pods_MyBooksTests.framework in Frameworks */,
			);
			runOnlyForDeploymentPostprocessing = 0;
		};
		95397A7F230E5AC1004D5309 /* Frameworks */ = {
			isa = PBXFrameworksBuildPhase;
			buildActionMask = 2147483647;
			files = (
				6C17EC52FAC1598D7F616B04 /* Pods_MyBooksUITests.framework in Frameworks */,
			);
			runOnlyForDeploymentPostprocessing = 0;
		};
/* End PBXFrameworksBuildPhase section */

/* Begin PBXGroup section */
		838D7684B9BFB4E2600F6FBB /* Frameworks */ = {
			isa = PBXGroup;
			children = (
				1CF3133775E76A67C10F08EA /* Pods_MyBooks.framework */,
				09B481E7CB3FFB2033E2DFA6 /* Pods_MyBooksTests.framework */,
				B630D6DAF71F486EF11896F5 /* Pods_MyBooksUITests.framework */,
			);
			name = Frameworks;
			sourceTree = "<group>";
		};
		95397A57230E5AC0004D5309 = {
			isa = PBXGroup;
			children = (
				95397A62230E5AC0004D5309 /* MyBooks */,
				95397A7A230E5AC1004D5309 /* MyBooksTests */,
				95397A85230E5AC1004D5309 /* MyBooksUITests */,
				95397A61230E5AC0004D5309 /* Products */,
				B9E5BE37143F92E381ED60D8 /* Pods */,
				838D7684B9BFB4E2600F6FBB /* Frameworks */,
			);
			sourceTree = "<group>";
		};
		95397A61230E5AC0004D5309 /* Products */ = {
			isa = PBXGroup;
			children = (
				95397A60230E5AC0004D5309 /* MyBooks.app */,
				95397A77230E5AC1004D5309 /* MyBooksTests.xctest */,
				95397A82230E5AC1004D5309 /* MyBooksUITests.xctest */,
			);
			name = Products;
			sourceTree = "<group>";
		};
		95397A62230E5AC0004D5309 /* MyBooks */ = {
			isa = PBXGroup;
			children = (
				95397A94230E61B9004D5309 /* GoogleService-Info.plist */,
				95397A63230E5AC0004D5309 /* AppDelegate.swift */,
				95397A65230E5AC0004D5309 /* ViewController.swift */,
				95397A67230E5AC0004D5309 /* Main.storyboard */,
				95397A9C230E80A7004D5309 /* NewViewController.swift */,
				95397A6D230E5AC1004D5309 /* Assets.xcassets */,
				95397A6F230E5AC1004D5309 /* LaunchScreen.storyboard */,
				95397A72230E5AC1004D5309 /* Info.plist */,
				95397A6A230E5AC0004D5309 /* MyBooks.xcdatamodeld */,
			);
			path = MyBooks;
			sourceTree = "<group>";
		};
		95397A7A230E5AC1004D5309 /* MyBooksTests */ = {
			isa = PBXGroup;
			children = (
				95397A7B230E5AC1004D5309 /* MyBooksTests.swift */,
				95397A7D230E5AC1004D5309 /* Info.plist */,
			);
			path = MyBooksTests;
			sourceTree = "<group>";
		};
		95397A85230E5AC1004D5309 /* MyBooksUITests */ = {
			isa = PBXGroup;
			children = (
				95397A86230E5AC1004D5309 /* MyBooksUITests.swift */,
				95397A88230E5AC1004D5309 /* Info.plist */,
			);
			path = MyBooksUITests;
			sourceTree = "<group>";
		};
		B9E5BE37143F92E381ED60D8 /* Pods */ = {
			isa = PBXGroup;
			children = (
				7EFFE6F540317411D92563E8 /* Pods-MyBooks.debug.xcconfig */,
				373A4FF34147C4A77ED14F62 /* Pods-MyBooks.release.xcconfig */,
				DB8F3E8068148681A3FE41AD /* Pods-MyBooksTests.debug.xcconfig */,
				3A3EED26D1B5028704A65AA4 /* Pods-MyBooksTests.release.xcconfig */,
				B0841B2A6FF2A4CA83DC0D74 /* Pods-MyBooksUITests.debug.xcconfig */,
				3A79CA15E099F20C5C024894 /* Pods-MyBooksUITests.release.xcconfig */,
			);
			path = Pods;
			sourceTree = "<group>";
		};
/* End PBXGroup section */

/* Begin PBXNativeTarget section */
		95397A5F230E5AC0004D5309 /* MyBooks */ = {
			isa = PBXNativeTarget;
			buildConfigurationList = 95397A8B230E5AC1004D5309 /* Build configuration list for PBXNativeTarget "MyBooks" */;
			buildPhases = (
				96FDD65ED7941A2E1ACCBB95 /* [CP] Check Pods Manifest.lock */,
				95397A5C230E5AC0004D5309 /* Sources */,
				95397A5D230E5AC0004D5309 /* Frameworks */,
				95397A5E230E5AC0004D5309 /* Resources */,
				354500C6637A53E780A2D02E /* [CP] Embed Pods Frameworks */,
			);
			buildRules = (
			);
			dependencies = (
			);
			name = MyBooks;
			productName = MyBooks;
			productReference = 95397A60230E5AC0004D5309 /* MyBooks.app */;
			productType = "com.apple.product-type.application";
		};
		95397A76230E5AC1004D5309 /* MyBooksTests */ = {
			isa = PBXNativeTarget;
			buildConfigurationList = 95397A8E230E5AC1004D5309 /* Build configuration list for PBXNativeTarget "MyBooksTests" */;
			buildPhases = (
				07DB26FD90C7C6F5AB0C6500 /* [CP] Check Pods Manifest.lock */,
				95397A73230E5AC1004D5309 /* Sources */,
				95397A74230E5AC1004D5309 /* Frameworks */,
				95397A75230E5AC1004D5309 /* Resources */,
			);
			buildRules = (
			);
			dependencies = (
				95397A79230E5AC1004D5309 /* PBXTargetDependency */,
			);
			name = MyBooksTests;
			productName = MyBooksTests;
			productReference = 95397A77230E5AC1004D5309 /* MyBooksTests.xctest */;
			productType = "com.apple.product-type.bundle.unit-test";
		};
		95397A81230E5AC1004D5309 /* MyBooksUITests */ = {
			isa = PBXNativeTarget;
			buildConfigurationList = 95397A91230E5AC1004D5309 /* Build configuration list for PBXNativeTarget "MyBooksUITests" */;
			buildPhases = (
				F0A0F5ECD31034D00BF88693 /* [CP] Check Pods Manifest.lock */,
				95397A7E230E5AC1004D5309 /* Sources */,
				95397A7F230E5AC1004D5309 /* Frameworks */,
				95397A80230E5AC1004D5309 /* Resources */,
			);
			buildRules = (
			);
			dependencies = (
				95397A84230E5AC1004D5309 /* PBXTargetDependency */,
			);
			name = MyBooksUITests;
			productName = MyBooksUITests;
			productReference = 95397A82230E5AC1004D5309 /* MyBooksUITests.xctest */;
			productType = "com.apple.product-type.bundle.ui-testing";
		};
/* End PBXNativeTarget section */

/* Begin PBXProject section */
		95397A58230E5AC0004D5309 /* Project object */ = {
			isa = PBXProject;
			attributes = {
				LastSwiftUpdateCheck = 0940;
				LastUpgradeCheck = 0940;
				ORGANIZATIONNAME = cscoi008;
				TargetAttributes = {
					95397A5F230E5AC0004D5309 = {
						CreatedOnToolsVersion = 9.4.1;
					};
					95397A76230E5AC1004D5309 = {
						CreatedOnToolsVersion = 9.4.1;
						TestTargetID = 95397A5F230E5AC0004D5309;
					};
					95397A81230E5AC1004D5309 = {
						CreatedOnToolsVersion = 9.4.1;
						TestTargetID = 95397A5F230E5AC0004D5309;
					};
				};
			};
			buildConfigurationList = 95397A5B230E5AC0004D5309 /* Build configuration list for PBXProject "MyBooks" */;
			compatibilityVersion = "Xcode 9.3";
			developmentRegion = en;
			hasScannedForEncodings = 0;
			knownRegions = (
				en,
				Base,
			);
			mainGroup = 95397A57230E5AC0004D5309;
			productRefGroup = 95397A61230E5AC0004D5309 /* Products */;
			projectDirPath = "";
			projectRoot = "";
			targets = (
				95397A5F230E5AC0004D5309 /* MyBooks */,
				95397A76230E5AC1004D5309 /* MyBooksTests */,
				95397A81230E5AC1004D5309 /* MyBooksUITests */,
			);
		};
/* End PBXProject section */

/* Begin PBXResourcesBuildPhase section */
		95397A5E230E5AC0004D5309 /* Resources */ = {
			isa = PBXResourcesBuildPhase;
			buildActionMask = 2147483647;
			files = (
				95397A71230E5AC1004D5309 /* LaunchScreen.storyboard in Resources */,
				95397A95230E61B9004D5309 /* GoogleService-Info.plist in Resources */,
				95397A6E230E5AC1004D5309 /* Assets.xcassets in Resources */,
				95397A69230E5AC0004D5309 /* Main.storyboard in Resources */,
			);
			runOnlyForDeploymentPostprocessing = 0;
		};
		95397A75230E5AC1004D5309 /* Resources */ = {
			isa = PBXResourcesBuildPhase;
			buildActionMask = 2147483647;
			files = (
			);
			runOnlyForDeploymentPostprocessing = 0;
		};
		95397A80230E5AC1004D5309 /* Resources */ = {
			isa = PBXResourcesBuildPhase;
			buildActionMask = 2147483647;
			files = (
			);
			runOnlyForDeploymentPostprocessing = 0;
		};
/* End PBXResourcesBuildPhase section */

/* Begin PBXShellScriptBuildPhase section */
		07DB26FD90C7C6F5AB0C6500 /* [CP] Check Pods Manifest.lock */ = {
			isa = PBXShellScriptBuildPhase;
			buildActionMask = 2147483647;
			files = (
			);
			inputPaths = (
				"${PODS_PODFILE_DIR_PATH}/Podfile.lock",
				"${PODS_ROOT}/Manifest.lock",
			);
			name = "[CP] Check Pods Manifest.lock";
			outputPaths = (
				"$(DERIVED_FILE_DIR)/Pods-MyBooksTests-checkManifestLockResult.txt",
			);
			runOnlyForDeploymentPostprocessing = 0;
			shellPath = /bin/sh;
			shellScript = "diff \"${PODS_PODFILE_DIR_PATH}/Podfile.lock\" \"${PODS_ROOT}/Manifest.lock\" > /dev/null\nif [ $? != 0 ] ; then\n    # print error to STDERR\n    echo \"error: The sandbox is not in sync with the Podfile.lock. Run 'pod install' or update your CocoaPods installation.\" >&2\n    exit 1\nfi\n# This output is used by Xcode 'outputs' to avoid re-running this script phase.\necho \"SUCCESS\" > \"${SCRIPT_OUTPUT_FILE_0}\"\n";
			showEnvVarsInLog = 0;
		};
		354500C6637A53E780A2D02E /* [CP] Embed Pods Frameworks */ = {
			isa = PBXShellScriptBuildPhase;
			buildActionMask = 2147483647;
			files = (
			);
			name = "[CP] Embed Pods Frameworks";
			runOnlyForDeploymentPostprocessing = 0;
			shellPath = /bin/sh;
			shellScript = "\"${PODS_ROOT}/Target Support Files/Pods-MyBooks/Pods-MyBooks-frameworks.sh\"\n";
			showEnvVarsInLog = 0;
		};
		96FDD65ED7941A2E1ACCBB95 /* [CP] Check Pods Manifest.lock */ = {
			isa = PBXShellScriptBuildPhase;
			buildActionMask = 2147483647;
			files = (
			);
			inputPaths = (
				"${PODS_PODFILE_DIR_PATH}/Podfile.lock",
				"${PODS_ROOT}/Manifest.lock",
			);
			name = "[CP] Check Pods Manifest.lock";
			outputPaths = (
				"$(DERIVED_FILE_DIR)/Pods-MyBooks-checkManifestLockResult.txt",
			);
			runOnlyForDeploymentPostprocessing = 0;
			shellPath = /bin/sh;
			shellScript = "diff \"${PODS_PODFILE_DIR_PATH}/Podfile.lock\" \"${PODS_ROOT}/Manifest.lock\" > /dev/null\nif [ $? != 0 ] ; then\n    # print error to STDERR\n    echo \"error: The sandbox is not in sync with the Podfile.lock. Run 'pod install' or update your CocoaPods installation.\" >&2\n    exit 1\nfi\n# This output is used by Xcode 'outputs' to avoid re-running this script phase.\necho \"SUCCESS\" > \"${SCRIPT_OUTPUT_FILE_0}\"\n";
			showEnvVarsInLog = 0;
		};
		F0A0F5ECD31034D00BF88693 /* [CP] Check Pods Manifest.lock */ = {
			isa = PBXShellScriptBuildPhase;
			buildActionMask = 2147483647;
			files = (
			);
			inputPaths = (
				"${PODS_PODFILE_DIR_PATH}/Podfile.lock",
				"${PODS_ROOT}/Manifest.lock",
			);
			name = "[CP] Check Pods Manifest.lock";
			outputPaths = (
				"$(DERIVED_FILE_DIR)/Pods-MyBooksUITests-checkManifestLockResult.txt",
			);
			runOnlyForDeploymentPostprocessing = 0;
			shellPath = /bin/sh;
			shellScript = "diff \"${PODS_PODFILE_DIR_PATH}/Podfile.lock\" \"${PODS_ROOT}/Manifest.lock\" > /dev/null\nif [ $? != 0 ] ; then\n    # print error to STDERR\n    echo \"error: The sandbox is not in sync with the Podfile.lock. Run 'pod install' or update your CocoaPods installation.\" >&2\n    exit 1\nfi\n# This output is used by Xcode 'outputs' to avoid re-running this script phase.\necho \"SUCCESS\" > \"${SCRIPT_OUTPUT_FILE_0}\"\n";
			showEnvVarsInLog = 0;
		};
/* End PBXShellScriptBuildPhase section */

/* Begin PBXSourcesBuildPhase section */
		95397A5C230E5AC0004D5309 /* Sources */ = {
			isa = PBXSourcesBuildPhase;
			buildActionMask = 2147483647;
			files = (
				95397A66230E5AC0004D5309 /* ViewController.swift in Sources */,
				95397A64230E5AC0004D5309 /* AppDelegate.swift in Sources */,
				95397A6C230E5AC0004D5309 /* MyBooks.xcdatamodeld in Sources */,
				95397A9D230E80A7004D5309 /* NewViewController.swift in Sources */,
			);
			runOnlyForDeploymentPostprocessing = 0;
		};
		95397A73230E5AC1004D5309 /* Sources */ = {
			isa = PBXSourcesBuildPhase;
			buildActionMask = 2147483647;
			files = (
				95397A7C230E5AC1004D5309 /* MyBooksTests.swift in Sources */,
			);
			runOnlyForDeploymentPostprocessing = 0;
		};
		95397A7E230E5AC1004D5309 /* Sources */ = {
			isa = PBXSourcesBuildPhase;
			buildActionMask = 2147483647;
			files = (
				95397A87230E5AC1004D5309 /* MyBooksUITests.swift in Sources */,
			);
			runOnlyForDeploymentPostprocessing = 0;
		};
/* End PBXSourcesBuildPhase section */

/* Begin PBXTargetDependency section */
		95397A79230E5AC1004D5309 /* PBXTargetDependency */ = {
			isa = PBXTargetDependency;
			target = 95397A5F230E5AC0004D5309 /* MyBooks */;
			targetProxy = 95397A78230E5AC1004D5309 /* PBXContainerItemProxy */;
		};
		95397A84230E5AC1004D5309 /* PBXTargetDependency */ = {
			isa = PBXTargetDependency;
			target = 95397A5F230E5AC0004D5309 /* MyBooks */;
			targetProxy = 95397A83230E5AC1004D5309 /* PBXContainerItemProxy */;
		};
/* End PBXTargetDependency section */

/* Begin PBXVariantGroup section */
		95397A67230E5AC0004D5309 /* Main.storyboard */ = {
			isa = PBXVariantGroup;
			children = (
				95397A68230E5AC0004D5309 /* Base */,
			);
			name = Main.storyboard;
			sourceTree = "<group>";
		};
		95397A6F230E5AC1004D5309 /* LaunchScreen.storyboard */ = {
			isa = PBXVariantGroup;
			children = (
				95397A70230E5AC1004D5309 /* Base */,
			);
			name = LaunchScreen.storyboard;
			sourceTree = "<group>";
		};
/* End PBXVariantGroup section */

/* Begin XCBuildConfiguration section */
		95397A89230E5AC1004D5309 /* Debug */ = {
			isa = XCBuildConfiguration;
			buildSettings = {
				ALWAYS_SEARCH_USER_PATHS = NO;
				CLANG_ANALYZER_NONNULL = YES;
				CLANG_ANALYZER_NUMBER_OBJECT_CONVERSION = YES_AGGRESSIVE;
				CLANG_CXX_LANGUAGE_STANDARD = "gnu++14";
				CLANG_CXX_LIBRARY = "libc++";
				CLANG_ENABLE_MODULES = YES;
				CLANG_ENABLE_OBJC_ARC = YES;
				CLANG_ENABLE_OBJC_WEAK = YES;
				CLANG_WARN_BLOCK_CAPTURE_AUTORELEASING = YES;
				CLANG_WARN_BOOL_CONVERSION = YES;
				CLANG_WARN_COMMA = YES;
				CLANG_WARN_CONSTANT_CONVERSION = YES;
				CLANG_WARN_DEPRECATED_OBJC_IMPLEMENTATIONS = YES;
				CLANG_WARN_DIRECT_OBJC_ISA_USAGE = YES_ERROR;
				CLANG_WARN_DOCUMENTATION_COMMENTS = YES;
				CLANG_WARN_EMPTY_BODY = YES;
				CLANG_WARN_ENUM_CONVERSION = YES;
				CLANG_WARN_INFINITE_RECURSION = YES;
				CLANG_WARN_INT_CONVERSION = YES;
				CLANG_WARN_NON_LITERAL_NULL_CONVERSION = YES;
				CLANG_WARN_OBJC_IMPLICIT_RETAIN_SELF = YES;
				CLANG_WARN_OBJC_LITERAL_CONVERSION = YES;
				CLANG_WARN_OBJC_ROOT_CLASS = YES_ERROR;
				CLANG_WARN_RANGE_LOOP_ANALYSIS = YES;
				CLANG_WARN_STRICT_PROTOTYPES = YES;
				CLANG_WARN_SUSPICIOUS_MOVE = YES;
				CLANG_WARN_UNGUARDED_AVAILABILITY = YES_AGGRESSIVE;
				CLANG_WARN_UNREACHABLE_CODE = YES;
				CLANG_WARN__DUPLICATE_METHOD_MATCH = YES;
				CODE_SIGN_IDENTITY = "iPhone Developer";
				COPY_PHASE_STRIP = NO;
				DEBUG_INFORMATION_FORMAT = dwarf;
				ENABLE_STRICT_OBJC_MSGSEND = YES;
				ENABLE_TESTABILITY = YES;
				GCC_C_LANGUAGE_STANDARD = gnu11;
				GCC_DYNAMIC_NO_PIC = NO;
				GCC_NO_COMMON_BLOCKS = YES;
				GCC_OPTIMIZATION_LEVEL = 0;
				GCC_PREPROCESSOR_DEFINITIONS = (
					"DEBUG=1",
					"$(inherited)",
				);
				GCC_WARN_64_TO_32_BIT_CONVERSION = YES;
				GCC_WARN_ABOUT_RETURN_TYPE = YES_ERROR;
				GCC_WARN_UNDECLARED_SELECTOR = YES;
				GCC_WARN_UNINITIALIZED_AUTOS = YES_AGGRESSIVE;
				GCC_WARN_UNUSED_FUNCTION = YES;
				GCC_WARN_UNUSED_VARIABLE = YES;
				IPHONEOS_DEPLOYMENT_TARGET = 11.4;
				MTL_ENABLE_DEBUG_INFO = YES;
				ONLY_ACTIVE_ARCH = YES;
				SDKROOT = iphoneos;
				SWIFT_ACTIVE_COMPILATION_CONDITIONS = DEBUG;
				SWIFT_OPTIMIZATION_LEVEL = "-Onone";
			};
			name = Debug;
		};
		95397A8A230E5AC1004D5309 /* Release */ = {
			isa = XCBuildConfiguration;
			buildSettings = {
				ALWAYS_SEARCH_USER_PATHS = NO;
				CLANG_ANALYZER_NONNULL = YES;
				CLANG_ANALYZER_NUMBER_OBJECT_CONVERSION = YES_AGGRESSIVE;
				CLANG_CXX_LANGUAGE_STANDARD = "gnu++14";
				CLANG_CXX_LIBRARY = "libc++";
				CLANG_ENABLE_MODULES = YES;
				CLANG_ENABLE_OBJC_ARC = YES;
				CLANG_ENABLE_OBJC_WEAK = YES;
				CLANG_WARN_BLOCK_CAPTURE_AUTORELEASING = YES;
				CLANG_WARN_BOOL_CONVERSION = YES;
				CLANG_WARN_COMMA = YES;
				CLANG_WARN_CONSTANT_CONVERSION = YES;
				CLANG_WARN_DEPRECATED_OBJC_IMPLEMENTATIONS = YES;
				CLANG_WARN_DIRECT_OBJC_ISA_USAGE = YES_ERROR;
				CLANG_WARN_DOCUMENTATION_COMMENTS = YES;
				CLANG_WARN_EMPTY_BODY = YES;
				CLANG_WARN_ENUM_CONVERSION = YES;
				CLANG_WARN_INFINITE_RECURSION = YES;
				CLANG_WARN_INT_CONVERSION = YES;
				CLANG_WARN_NON_LITERAL_NULL_CONVERSION = YES;
				CLANG_WARN_OBJC_IMPLICIT_RETAIN_SELF = YES;
				CLANG_WARN_OBJC_LITERAL_CONVERSION = YES;
				CLANG_WARN_OBJC_ROOT_CLASS = YES_ERROR;
				CLANG_WARN_RANGE_LOOP_ANALYSIS = YES;
				CLANG_WARN_STRICT_PROTOTYPES = YES;
				CLANG_WARN_SUSPICIOUS_MOVE = YES;
				CLANG_WARN_UNGUARDED_AVAILABILITY = YES_AGGRESSIVE;
				CLANG_WARN_UNREACHABLE_CODE = YES;
				CLANG_WARN__DUPLICATE_METHOD_MATCH = YES;
				CODE_SIGN_IDENTITY = "iPhone Developer";
				COPY_PHASE_STRIP = NO;
				DEBUG_INFORMATION_FORMAT = "dwarf-with-dsym";
				ENABLE_NS_ASSERTIONS = NO;
				ENABLE_STRICT_OBJC_MSGSEND = YES;
				GCC_C_LANGUAGE_STANDARD = gnu11;
				GCC_NO_COMMON_BLOCKS = YES;
				GCC_WARN_64_TO_32_BIT_CONVERSION = YES;
				GCC_WARN_ABOUT_RETURN_TYPE = YES_ERROR;
				GCC_WARN_UNDECLARED_SELECTOR = YES;
				GCC_WARN_UNINITIALIZED_AUTOS = YES_AGGRESSIVE;
				GCC_WARN_UNUSED_FUNCTION = YES;
				GCC_WARN_UNUSED_VARIABLE = YES;
				IPHONEOS_DEPLOYMENT_TARGET = 11.4;
				MTL_ENABLE_DEBUG_INFO = NO;
				SDKROOT = iphoneos;
				SWIFT_COMPILATION_MODE = wholemodule;
				SWIFT_OPTIMIZATION_LEVEL = "-O";
				VALIDATE_PRODUCT = YES;
			};
			name = Release;
		};
		95397A8C230E5AC1004D5309 /* Debug */ = {
			isa = XCBuildConfiguration;
			baseConfigurationReference = 7EFFE6F540317411D92563E8 /* Pods-MyBooks.debug.xcconfig */;
			buildSettings = {
				ASSETCATALOG_COMPILER_APPICON_NAME = AppIcon;
				CODE_SIGN_STYLE = Automatic;
				INFOPLIST_FILE = MyBooks/Info.plist;
				LD_RUNPATH_SEARCH_PATHS = (
					"$(inherited)",
					"@executable_path/Frameworks",
				);
				PRODUCT_BUNDLE_IDENTIFIER = com.sample.mybooks;
				PRODUCT_NAME = "$(TARGET_NAME)";
				SWIFT_VERSION = 4.0;
				TARGETED_DEVICE_FAMILY = "1,2";
			};
			name = Debug;
		};
		95397A8D230E5AC1004D5309 /* Release */ = {
			isa = XCBuildConfiguration;
			baseConfigurationReference = 373A4FF34147C4A77ED14F62 /* Pods-MyBooks.release.xcconfig */;
			buildSettings = {
				ASSETCATALOG_COMPILER_APPICON_NAME = AppIcon;
				CODE_SIGN_STYLE = Automatic;
				INFOPLIST_FILE = MyBooks/Info.plist;
				LD_RUNPATH_SEARCH_PATHS = (
					"$(inherited)",
					"@executable_path/Frameworks",
				);
				PRODUCT_BUNDLE_IDENTIFIER = com.sample.mybooks;
				PRODUCT_NAME = "$(TARGET_NAME)";
				SWIFT_VERSION = 4.0;
				TARGETED_DEVICE_FAMILY = "1,2";
			};
			name = Release;
		};
		95397A8F230E5AC1004D5309 /* Debug */ = {
			isa = XCBuildConfiguration;
			baseConfigurationReference = DB8F3E8068148681A3FE41AD /* Pods-MyBooksTests.debug.xcconfig */;
			buildSettings = {
				ALWAYS_EMBED_SWIFT_STANDARD_LIBRARIES = YES;
				BUNDLE_LOADER = "$(TEST_HOST)";
				CODE_SIGN_STYLE = Automatic;
				INFOPLIST_FILE = MyBooksTests/Info.plist;
				LD_RUNPATH_SEARCH_PATHS = (
					"$(inherited)",
					"@executable_path/Frameworks",
					"@loader_path/Frameworks",
				);
				PRODUCT_BUNDLE_IDENTIFIER = kr.ac.korea.MyBooksTests;
				PRODUCT_NAME = "$(TARGET_NAME)";
				SWIFT_VERSION = 4.0;
				TARGETED_DEVICE_FAMILY = "1,2";
				TEST_HOST = "$(BUILT_PRODUCTS_DIR)/MyBooks.app/MyBooks";
			};
			name = Debug;
		};
		95397A90230E5AC1004D5309 /* Release */ = {
			isa = XCBuildConfiguration;
			baseConfigurationReference = 3A3EED26D1B5028704A65AA4 /* Pods-MyBooksTests.release.xcconfig */;
			buildSettings = {
				ALWAYS_EMBED_SWIFT_STANDARD_LIBRARIES = YES;
				BUNDLE_LOADER = "$(TEST_HOST)";
				CODE_SIGN_STYLE = Automatic;
				INFOPLIST_FILE = MyBooksTests/Info.plist;
				LD_RUNPATH_SEARCH_PATHS = (
					"$(inherited)",
					"@executable_path/Frameworks",
					"@loader_path/Frameworks",
				);
				PRODUCT_BUNDLE_IDENTIFIER = kr.ac.korea.MyBooksTests;
				PRODUCT_NAME = "$(TARGET_NAME)";
				SWIFT_VERSION = 4.0;
				TARGETED_DEVICE_FAMILY = "1,2";
				TEST_HOST = "$(BUILT_PRODUCTS_DIR)/MyBooks.app/MyBooks";
			};
			name = Release;
		};
		95397A92230E5AC1004D5309 /* Debug */ = {
			isa = XCBuildConfiguration;
			baseConfigurationReference = B0841B2A6FF2A4CA83DC0D74 /* Pods-MyBooksUITests.debug.xcconfig */;
			buildSettings = {
				ALWAYS_EMBED_SWIFT_STANDARD_LIBRARIES = YES;
				CODE_SIGN_STYLE = Automatic;
				INFOPLIST_FILE = MyBooksUITests/Info.plist;
				LD_RUNPATH_SEARCH_PATHS = (
					"$(inherited)",
					"@executable_path/Frameworks",
					"@loader_path/Frameworks",
				);
				PRODUCT_BUNDLE_IDENTIFIER = kr.ac.korea.MyBooksUITests;
				PRODUCT_NAME = "$(TARGET_NAME)";
				SWIFT_VERSION = 4.0;
				TARGETED_DEVICE_FAMILY = "1,2";
				TEST_TARGET_NAME = MyBooks;
			};
			name = Debug;
		};
		95397A93230E5AC1004D5309 /* Release */ = {
			isa = XCBuildConfiguration;
			baseConfigurationReference = 3A79CA15E099F20C5C024894 /* Pods-MyBooksUITests.release.xcconfig */;
			buildSettings = {
				ALWAYS_EMBED_SWIFT_STANDARD_LIBRARIES = YES;
				CODE_SIGN_STYLE = Automatic;
				INFOPLIST_FILE = MyBooksUITests/Info.plist;
				LD_RUNPATH_SEARCH_PATHS = (
					"$(inherited)",
					"@executable_path/Frameworks",
					"@loader_path/Frameworks",
				);
				PRODUCT_BUNDLE_IDENTIFIER = kr.ac.korea.MyBooksUITests;
				PRODUCT_NAME = "$(TARGET_NAME)";
				SWIFT_VERSION = 4.0;
				TARGETED_DEVICE_FAMILY = "1,2";
				TEST_TARGET_NAME = MyBooks;
			};
			name = Release;
		};
/* End XCBuildConfiguration section */

/* Begin XCConfigurationList section */
		95397A5B230E5AC0004D5309 /* Build configuration list for PBXProject "MyBooks" */ = {
			isa = XCConfigurationList;
			buildConfigurations = (
				95397A89230E5AC1004D5309 /* Debug */,
				95397A8A230E5AC1004D5309 /* Release */,
			);
			defaultConfigurationIsVisible = 0;
			defaultConfigurationName = Release;
		};
		95397A8B230E5AC1004D5309 /* Build configuration list for PBXNativeTarget "MyBooks" */ = {
			isa = XCConfigurationList;
			buildConfigurations = (
				95397A8C230E5AC1004D5309 /* Debug */,
				95397A8D230E5AC1004D5309 /* Release */,
			);
			defaultConfigurationIsVisible = 0;
			defaultConfigurationName = Release;
		};
		95397A8E230E5AC1004D5309 /* Build configuration list for PBXNativeTarget "MyBooksTests" */ = {
			isa = XCConfigurationList;
			buildConfigurations = (
				95397A8F230E5AC1004D5309 /* Debug */,
				95397A90230E5AC1004D5309 /* Release */,
			);
			defaultConfigurationIsVisible = 0;
			defaultConfigurationName = Release;
		};
		95397A91230E5AC1004D5309 /* Build configuration list for PBXNativeTarget "MyBooksUITests" */ = {
			isa = XCConfigurationList;
			buildConfigurations = (
				95397A92230E5AC1004D5309 /* Debug */,
				95397A93230E5AC1004D5309 /* Release */,
			);
			defaultConfigurationIsVisible = 0;
			defaultConfigurationName = Release;
		};
/* End XCConfigurationList section */

/* Begin XCVersionGroup section */
		95397A6A230E5AC0004D5309 /* MyBooks.xcdatamodeld */ = {
			isa = XCVersionGroup;
			children = (
				95397A6B230E5AC0004D5309 /* MyBooks.xcdatamodel */,
			);
			currentVersion = 95397A6B230E5AC0004D5309 /* MyBooks.xcdatamodel */;
			path = MyBooks.xcdatamodeld;
			sourceTree = "<group>";
			versionGroupType = wrapper.xcdatamodel;
		};
/* End XCVersionGroup section */
	};
	rootObject = 95397A58230E5AC0004D5309 /* Project object */;
}
