// !$*UTF8*$!
{
	archiveVersion = 1;
	classes = {
	};
	objectVersion = 50;
	objects = {

/* Begin PBXBuildFile section */
		9548CB262303D08000C59649 /* AppDelegate.swift in Sources */ = {isa = PBXBuildFile; fileRef = 9548CB252303D08000C59649 /* AppDelegate.swift */; };
		9548CB282303D08000C59649 /* ViewController.swift in Sources */ = {isa = PBXBuildFile; fileRef = 9548CB272303D08000C59649 /* ViewController.swift */; };
		9548CB2B2303D08000C59649 /* Main.storyboard in Resources */ = {isa = PBXBuildFile; fileRef = 9548CB292303D08000C59649 /* Main.storyboard */; };
		9548CB2D2303D08500C59649 /* Assets.xcassets in Resources */ = {isa = PBXBuildFile; fileRef = 9548CB2C2303D08500C59649 /* Assets.xcassets */; };
		9548CB302303D08500C59649 /* LaunchScreen.storyboard in Resources */ = {isa = PBXBuildFile; fileRef = 9548CB2E2303D08500C59649 /* LaunchScreen.storyboard */; };
		9548CB382303D0A400C59649 /* Friend.swift in Sources */ = {isa = PBXBuildFile; fileRef = 9548CB372303D0A400C59649 /* Friend.swift */; };
		9548CB3A2303D5C800C59649 /* FriendDetailViewController.swift in Sources */ = {isa = PBXBuildFile; fileRef = 9548CB392303D5C800C59649 /* FriendDetailViewController.swift */; };
		9548CB3C2303DFDB00C59649 /* FriendTableViewCell.swift in Sources */ = {isa = PBXBuildFile; fileRef = 9548CB3B2303DFDB00C59649 /* FriendTableViewCell.swift */; };
/* End PBXBuildFile section */

/* Begin PBXFileReference section */
		9548CB222303D08000C59649 /* KUTFriendsTable0814.app */ = {isa = PBXFileReference; explicitFileType = wrapper.application; includeInIndex = 0; path = KUTFriendsTable0814.app; sourceTree = BUILT_PRODUCTS_DIR; };
		9548CB252303D08000C59649 /* AppDelegate.swift */ = {isa = PBXFileReference; lastKnownFileType = sourcecode.swift; path = AppDelegate.swift; sourceTree = "<group>"; };
		9548CB272303D08000C59649 /* ViewController.swift */ = {isa = PBXFileReference; lastKnownFileType = sourcecode.swift; path = ViewController.swift; sourceTree = "<group>"; };
		9548CB2A2303D08000C59649 /* Base */ = {isa = PBXFileReference; lastKnownFileType = file.storyboard; name = Base; path = Base.lproj/Main.storyboard; sourceTree = "<group>"; };
		9548CB2C2303D08500C59649 /* Assets.xcassets */ = {isa = PBXFileReference; lastKnownFileType = folder.assetcatalog; path = Assets.xcassets; sourceTree = "<group>"; };
		9548CB2F2303D08500C59649 /* Base */ = {isa = PBXFileReference; lastKnownFileType = file.storyboard; name = Base; path = Base.lproj/LaunchScreen.storyboard; sourceTree = "<group>"; };
		9548CB312303D08500C59649 /* Info.plist */ = {isa = PBXFileReference; lastKnownFileType = text.plist.xml; path = Info.plist; sourceTree = "<group>"; };
		9548CB372303D0A400C59649 /* Friend.swift */ = {isa = PBXFileReference; lastKnownFileType = sourcecode.swift; path = Friend.swift; sourceTree = "<group>"; };
		9548CB392303D5C800C59649 /* FriendDetailViewController.swift */ = {isa = PBXFileReference; lastKnownFileType = sourcecode.swift; path = FriendDetailViewController.swift; sourceTree = "<group>"; };
		9548CB3B2303DFDB00C59649 /* FriendTableViewCell.swift */ = {isa = PBXFileReference; lastKnownFileType = sourcecode.swift; path = FriendTableViewCell.swift; sourceTree = "<group>"; };
/* End PBXFileReference section */

/* Begin PBXFrameworksBuildPhase section */
		9548CB1F2303D08000C59649 /* Frameworks */ = {
			isa = PBXFrameworksBuildPhase;
			buildActionMask = 2147483647;
			files = (
			);
			runOnlyForDeploymentPostprocessing = 0;
		};
/* End PBXFrameworksBuildPhase section */

/* Begin PBXGroup section */
		9548CB192303D08000C59649 = {
			isa = PBXGroup;
			children = (
				9548CB242303D08000C59649 /* KUTFriendsTable0814 */,
				9548CB232303D08000C59649 /* Products */,
			);
			sourceTree = "<group>";
		};
		9548CB232303D08000C59649 /* Products */ = {
			isa = PBXGroup;
			children = (
				9548CB222303D08000C59649 /* KUTFriendsTable0814.app */,
			);
			name = Products;
			sourceTree = "<group>";
		};
		9548CB242303D08000C59649 /* KUTFriendsTable0814 */ = {
			isa = PBXGroup;
			children = (
				9548CB252303D08000C59649 /* AppDelegate.swift */,
				9548CB272303D08000C59649 /* ViewController.swift */,
				9548CB392303D5C800C59649 /* FriendDetailViewController.swift */,
				9548CB372303D0A400C59649 /* Friend.swift */,
				9548CB3B2303DFDB00C59649 /* FriendTableViewCell.swift */,
				9548CB292303D08000C59649 /* Main.storyboard */,
				9548CB2C2303D08500C59649 /* Assets.xcassets */,
				9548CB2E2303D08500C59649 /* LaunchScreen.storyboard */,
				9548CB312303D08500C59649 /* Info.plist */,
			);
			path = KUTFriendsTable0814;
			sourceTree = "<group>";
		};
/* End PBXGroup section */

/* Begin PBXNativeTarget section */
		9548CB212303D08000C59649 /* KUTFriendsTable0814 */ = {
			isa = PBXNativeTarget;
			buildConfigurationList = 9548CB342303D08500C59649 /* Build configuration list for PBXNativeTarget "KUTFriendsTable0814" */;
			buildPhases = (
				9548CB1E2303D08000C59649 /* Sources */,
				9548CB1F2303D08000C59649 /* Frameworks */,
				9548CB202303D08000C59649 /* Resources */,
			);
			buildRules = (
			);
			dependencies = (
			);
			name = KUTFriendsTable0814;
			productName = KUTFriendsTable0814;
			productReference = 9548CB222303D08000C59649 /* KUTFriendsTable0814.app */;
			productType = "com.apple.product-type.application";
		};
/* End PBXNativeTarget section */

/* Begin PBXProject section */
		9548CB1A2303D08000C59649 /* Project object */ = {
			isa = PBXProject;
			attributes = {
				LastSwiftUpdateCheck = 0940;
				LastUpgradeCheck = 0940;
				ORGANIZATIONNAME = cscoi008;
				TargetAttributes = {
					9548CB212303D08000C59649 = {
						CreatedOnToolsVersion = 9.4.1;
					};
				};
			};
			buildConfigurationList = 9548CB1D2303D08000C59649 /* Build configuration list for PBXProject "KUTFriendsTable0814" */;
			compatibilityVersion = "Xcode 9.3";
			developmentRegion = en;
			hasScannedForEncodings = 0;
			knownRegions = (
				en,
				Base,
			);
			mainGroup = 9548CB192303D08000C59649;
			productRefGroup = 9548CB232303D08000C59649 /* Products */;
			projectDirPath = "";
			projectRoot = "";
			targets = (
				9548CB212303D08000C59649 /* KUTFriendsTable0814 */,
			);
		};
/* End PBXProject section */

/* Begin PBXResourcesBuildPhase section */
		9548CB202303D08000C59649 /* Resources */ = {
			isa = PBXResourcesBuildPhase;
			buildActionMask = 2147483647;
			files = (
				9548CB302303D08500C59649 /* LaunchScreen.storyboard in Resources */,
				9548CB2D2303D08500C59649 /* Assets.xcassets in Resources */,
				9548CB2B2303D08000C59649 /* Main.storyboard in Resources */,
			);
			runOnlyForDeploymentPostprocessing = 0;
		};
/* End PBXResourcesBuildPhase section */

/* Begin PBXSourcesBuildPhase section */
		9548CB1E2303D08000C59649 /* Sources */ = {
			isa = PBXSourcesBuildPhase;
			buildActionMask = 2147483647;
			files = (
				9548CB382303D0A400C59649 /* Friend.swift in Sources */,
				9548CB282303D08000C59649 /* ViewController.swift in Sources */,
				9548CB3C2303DFDB00C59649 /* FriendTableViewCell.swift in Sources */,
				9548CB3A2303D5C800C59649 /* FriendDetailViewController.swift in Sources */,
				9548CB262303D08000C59649 /* AppDelegate.swift in Sources */,
			);
			runOnlyForDeploymentPostprocessing = 0;
		};
/* End PBXSourcesBuildPhase section */

/* Begin PBXVariantGroup section */
		9548CB292303D08000C59649 /* Main.storyboard */ = {
			isa = PBXVariantGroup;
			children = (
				9548CB2A2303D08000C59649 /* Base */,
			);
			name = Main.storyboard;
			sourceTree = "<group>";
		};
		9548CB2E2303D08500C59649 /* LaunchScreen.storyboard */ = {
			isa = PBXVariantGroup;
			children = (
				9548CB2F2303D08500C59649 /* Base */,
			);
			name = LaunchScreen.storyboard;
			sourceTree = "<group>";
		};
/* End PBXVariantGroup section */

/* Begin XCBuildConfiguration section */
		9548CB322303D08500C59649 /* Debug */ = {
			isa = XCBuildConfiguration;
			buildSettings = {
				ALWAYS_SEARCH_USER_PATHS = NO;
				CLANG_ANALYZER_NONNULL = YES;
				CLANG_ANALYZER_NUMBER_OBJECT_CONVERSION = YES_AGGRESSIVE;
				CLANG_CXX_LANGUAGE_STANDARD = "gnu++14";
				CLANG_CXX_LIBRARY = "libc++";
				CLANG_ENABLE_MODULES = YES;
				CLANG_ENABLE_OBJC_ARC = YES;
				CLANG_ENABLE_OBJC_WEAK = YES;
				CLANG_WARN_BLOCK_CAPTURE_AUTORELEASING = YES;
				CLANG_WARN_BOOL_CONVERSION = YES;
				CLANG_WARN_COMMA = YES;
				CLANG_WARN_CONSTANT_CONVERSION = YES;
				CLANG_WARN_DEPRECATED_OBJC_IMPLEMENTATIONS = YES;
				CLANG_WARN_DIRECT_OBJC_ISA_USAGE = YES_ERROR;
				CLANG_WARN_DOCUMENTATION_COMMENTS = YES;
				CLANG_WARN_EMPTY_BODY = YES;
				CLANG_WARN_ENUM_CONVERSION = YES;
				CLANG_WARN_INFINITE_RECURSION = YES;
				CLANG_WARN_INT_CONVERSION = YES;
				CLANG_WARN_NON_LITERAL_NULL_CONVERSION = YES;
				CLANG_WARN_OBJC_IMPLICIT_RETAIN_SELF = YES;
				CLANG_WARN_OBJC_LITERAL_CONVERSION = YES;
				CLANG_WARN_OBJC_ROOT_CLASS = YES_ERROR;
				CLANG_WARN_RANGE_LOOP_ANALYSIS = YES;
				CLANG_WARN_STRICT_PROTOTYPES = YES;
				CLANG_WARN_SUSPICIOUS_MOVE = YES;
				CLANG_WARN_UNGUARDED_AVAILABILITY = YES_AGGRESSIVE;
				CLANG_WARN_UNREACHABLE_CODE = YES;
				CLANG_WARN__DUPLICATE_METHOD_MATCH = YES;
				CODE_SIGN_IDENTITY = "iPhone Developer";
				COPY_PHASE_STRIP = NO;
				DEBUG_INFORMATION_FORMAT = dwarf;
				ENABLE_STRICT_OBJC_MSGSEND = YES;
				ENABLE_TESTABILITY = YES;
				GCC_C_LANGUAGE_STANDARD = gnu11;
				GCC_DYNAMIC_NO_PIC = NO;
				GCC_NO_COMMON_BLOCKS = YES;
				GCC_OPTIMIZATION_LEVEL = 0;
				GCC_PREPROCESSOR_DEFINITIONS = (
					"DEBUG=1",
					"$(inherited)",
				);
				GCC_WARN_64_TO_32_BIT_CONVERSION = YES;
				GCC_WARN_ABOUT_RETURN_TYPE = YES_ERROR;
				GCC_WARN_UNDECLARED_SELECTOR = YES;
				GCC_WARN_UNINITIALIZED_AUTOS = YES_AGGRESSIVE;
				GCC_WARN_UNUSED_FUNCTION = YES;
				GCC_WARN_UNUSED_VARIABLE = YES;
				IPHONEOS_DEPLOYMENT_TARGET = 11.4;
				MTL_ENABLE_DEBUG_INFO = YES;
				ONLY_ACTIVE_ARCH = YES;
				SDKROOT = iphoneos;
				SWIFT_ACTIVE_COMPILATION_CONDITIONS = DEBUG;
				SWIFT_OPTIMIZATION_LEVEL = "-Onone";
			};
			name = Debug;
		};
		9548CB332303D08500C59649 /* Release */ = {
			isa = XCBuildConfiguration;
			buildSettings = {
				ALWAYS_SEARCH_USER_PATHS = NO;
				CLANG_ANALYZER_NONNULL = YES;
				CLANG_ANALYZER_NUMBER_OBJECT_CONVERSION = YES_AGGRESSIVE;
				CLANG_CXX_LANGUAGE_STANDARD = "gnu++14";
				CLANG_CXX_LIBRARY = "libc++";
				CLANG_ENABLE_MODULES = YES;
				CLANG_ENABLE_OBJC_ARC = YES;
				CLANG_ENABLE_OBJC_WEAK = YES;
				CLANG_WARN_BLOCK_CAPTURE_AUTORELEASING = YES;
				CLANG_WARN_BOOL_CONVERSION = YES;
				CLANG_WARN_COMMA = YES;
				CLANG_WARN_CONSTANT_CONVERSION = YES;
				CLANG_WARN_DEPRECATED_OBJC_IMPLEMENTATIONS = YES;
				CLANG_WARN_DIRECT_OBJC_ISA_USAGE = YES_ERROR;
				CLANG_WARN_DOCUMENTATION_COMMENTS = YES;
				CLANG_WARN_EMPTY_BODY = YES;
				CLANG_WARN_ENUM_CONVERSION = YES;
				CLANG_WARN_INFINITE_RECURSION = YES;
				CLANG_WARN_INT_CONVERSION = YES;
				CLANG_WARN_NON_LITERAL_NULL_CONVERSION = YES;
				CLANG_WARN_OBJC_IMPLICIT_RETAIN_SELF = YES;
				CLANG_WARN_OBJC_LITERAL_CONVERSION = YES;
				CLANG_WARN_OBJC_ROOT_CLASS = YES_ERROR;
				CLANG_WARN_RANGE_LOOP_ANALYSIS = YES;
				CLANG_WARN_STRICT_PROTOTYPES = YES;
				CLANG_WARN_SUSPICIOUS_MOVE = YES;
				CLANG_WARN_UNGUARDED_AVAILABILITY = YES_AGGRESSIVE;
				CLANG_WARN_UNREACHABLE_CODE = YES;
				CLANG_WARN__DUPLICATE_METHOD_MATCH = YES;
				CODE_SIGN_IDENTITY = "iPhone Developer";
				COPY_PHASE_STRIP = NO;
				DEBUG_INFORMATION_FORMAT = "dwarf-with-dsym";
				ENABLE_NS_ASSERTIONS = NO;
				ENABLE_STRICT_OBJC_MSGSEND = YES;
				GCC_C_LANGUAGE_STANDARD = gnu11;
				GCC_NO_COMMON_BLOCKS = YES;
				GCC_WARN_64_TO_32_BIT_CONVERSION = YES;
				GCC_WARN_ABOUT_RETURN_TYPE = YES_ERROR;
				GCC_WARN_UNDECLARED_SELECTOR = YES;
				GCC_WARN_UNINITIALIZED_AUTOS = YES_AGGRESSIVE;
				GCC_WARN_UNUSED_FUNCTION = YES;
				GCC_WARN_UNUSED_VARIABLE = YES;
				IPHONEOS_DEPLOYMENT_TARGET = 11.4;
				MTL_ENABLE_DEBUG_INFO = NO;
				SDKROOT = iphoneos;
				SWIFT_COMPILATION_MODE = wholemodule;
				SWIFT_OPTIMIZATION_LEVEL = "-O";
				VALIDATE_PRODUCT = YES;
			};
			name = Release;
		};
		9548CB352303D08500C59649 /* Debug */ = {
			isa = XCBuildConfiguration;
			buildSettings = {
				ASSETCATALOG_COMPILER_APPICON_NAME = AppIcon;
				CODE_SIGN_STYLE = Automatic;
				INFOPLIST_FILE = KUTFriendsTable0814/Info.plist;
				LD_RUNPATH_SEARCH_PATHS = (
					"$(inherited)",
					"@executable_path/Frameworks",
				);
				PRODUCT_BUNDLE_IDENTIFIER = kr.ac.korea.KUTFriendsTable0814;
				PRODUCT_NAME = "$(TARGET_NAME)";
				SWIFT_VERSION = 4.0;
				TARGETED_DEVICE_FAMILY = "1,2";
			};
			name = Debug;
		};
		9548CB362303D08500C59649 /* Release */ = {
			isa = XCBuildConfiguration;
			buildSettings = {
				ASSETCATALOG_COMPILER_APPICON_NAME = AppIcon;
				CODE_SIGN_STYLE = Automatic;
				INFOPLIST_FILE = KUTFriendsTable0814/Info.plist;
				LD_RUNPATH_SEARCH_PATHS = (
					"$(inherited)",
					"@executable_path/Frameworks",
				);
				PRODUCT_BUNDLE_IDENTIFIER = kr.ac.korea.KUTFriendsTable0814;
				PRODUCT_NAME = "$(TARGET_NAME)";
				SWIFT_VERSION = 4.0;
				TARGETED_DEVICE_FAMILY = "1,2";
			};
			name = Release;
		};
/* End XCBuildConfiguration section */

/* Begin XCConfigurationList section */
		9548CB1D2303D08000C59649 /* Build configuration list for PBXProject "KUTFriendsTable0814" */ = {
			isa = XCConfigurationList;
			buildConfigurations = (
				9548CB322303D08500C59649 /* Debug */,
				9548CB332303D08500C59649 /* Release */,
			);
			defaultConfigurationIsVisible = 0;
			defaultConfigurationName = Release;
		};
		9548CB342303D08500C59649 /* Build configuration list for PBXNativeTarget "KUTFriendsTable0814" */ = {
			isa = XCConfigurationList;
			buildConfigurations = (
				9548CB352303D08500C59649 /* Debug */,
				9548CB362303D08500C59649 /* Release */,
			);
			defaultConfigurationIsVisible = 0;
			defaultConfigurationName = Release;
		};
/* End XCConfigurationList section */
	};
	rootObject = 9548CB1A2303D08000C59649 /* Project object */;
}
