// !$*UTF8*$!
{
	archiveVersion = 1;
	classes = {
	};
	objectVersion = 50;
	objects = {

/* Begin PBXBuildFile section */
		952DEFD622FD554F004DC141 /* AppDelegate.swift in Sources */ = {isa = PBXBuildFile; fileRef = 952DEFD522FD554F004DC141 /* AppDelegate.swift */; };
		952DEFD822FD554F004DC141 /* ViewController.swift in Sources */ = {isa = PBXBuildFile; fileRef = 952DEFD722FD554F004DC141 /* ViewController.swift */; };
		952DEFDB22FD554F004DC141 /* Main.storyboard in Resources */ = {isa = PBXBuildFile; fileRef = 952DEFD922FD554F004DC141 /* Main.storyboard */; };
		952DEFDD22FD555D004DC141 /* Assets.xcassets in Resources */ = {isa = PBXBuildFile; fileRef = 952DEFDC22FD555D004DC141 /* Assets.xcassets */; };
		952DEFE022FD555D004DC141 /* LaunchScreen.storyboard in Resources */ = {isa = PBXBuildFile; fileRef = 952DEFDE22FD555D004DC141 /* LaunchScreen.storyboard */; };
		952DEFE822FD5C4F004DC141 /* Mamamoo.swift in Sources */ = {isa = PBXBuildFile; fileRef = 952DEFE722FD5C4F004DC141 /* Mamamoo.swift */; };
		952DEFEA22FD5D1E004DC141 /* MamamooViewController.swift in Sources */ = {isa = PBXBuildFile; fileRef = 952DEFE922FD5D1E004DC141 /* MamamooViewController.swift */; };
/* End PBXBuildFile section */

/* Begin PBXFileReference section */
		952DEFD222FD554F004DC141 /* Mamamoo.app */ = {isa = PBXFileReference; explicitFileType = wrapper.application; includeInIndex = 0; path = Mamamoo.app; sourceTree = BUILT_PRODUCTS_DIR; };
		952DEFD522FD554F004DC141 /* AppDelegate.swift */ = {isa = PBXFileReference; lastKnownFileType = sourcecode.swift; path = AppDelegate.swift; sourceTree = "<group>"; };
		952DEFD722FD554F004DC141 /* ViewController.swift */ = {isa = PBXFileReference; lastKnownFileType = sourcecode.swift; path = ViewController.swift; sourceTree = "<group>"; };
		952DEFDA22FD554F004DC141 /* Base */ = {isa = PBXFileReference; lastKnownFileType = file.storyboard; name = Base; path = Base.lproj/Main.storyboard; sourceTree = "<group>"; };
		952DEFDC22FD555D004DC141 /* Assets.xcassets */ = {isa = PBXFileReference; lastKnownFileType = folder.assetcatalog; path = Assets.xcassets; sourceTree = "<group>"; };
		952DEFDF22FD555D004DC141 /* Base */ = {isa = PBXFileReference; lastKnownFileType = file.storyboard; name = Base; path = Base.lproj/LaunchScreen.storyboard; sourceTree = "<group>"; };
		952DEFE122FD555D004DC141 /* Info.plist */ = {isa = PBXFileReference; lastKnownFileType = text.plist.xml; path = Info.plist; sourceTree = "<group>"; };
		952DEFE722FD5C4F004DC141 /* Mamamoo.swift */ = {isa = PBXFileReference; lastKnownFileType = sourcecode.swift; path = Mamamoo.swift; sourceTree = "<group>"; };
		952DEFE922FD5D1E004DC141 /* MamamooViewController.swift */ = {isa = PBXFileReference; lastKnownFileType = sourcecode.swift; path = MamamooViewController.swift; sourceTree = "<group>"; };
/* End PBXFileReference section */

/* Begin PBXFrameworksBuildPhase section */
		952DEFCF22FD554F004DC141 /* Frameworks */ = {
			isa = PBXFrameworksBuildPhase;
			buildActionMask = 2147483647;
			files = (
			);
			runOnlyForDeploymentPostprocessing = 0;
		};
/* End PBXFrameworksBuildPhase section */

/* Begin PBXGroup section */
		952DEFC922FD554F004DC141 = {
			isa = PBXGroup;
			children = (
				952DEFD422FD554F004DC141 /* Mamamoo */,
				952DEFD322FD554F004DC141 /* Products */,
			);
			sourceTree = "<group>";
		};
		952DEFD322FD554F004DC141 /* Products */ = {
			isa = PBXGroup;
			children = (
				952DEFD222FD554F004DC141 /* Mamamoo.app */,
			);
			name = Products;
			sourceTree = "<group>";
		};
		952DEFD422FD554F004DC141 /* Mamamoo */ = {
			isa = PBXGroup;
			children = (
				952DEFD522FD554F004DC141 /* AppDelegate.swift */,
				952DEFD722FD554F004DC141 /* ViewController.swift */,
				952DEFE722FD5C4F004DC141 /* Mamamoo.swift */,
				952DEFE922FD5D1E004DC141 /* MamamooViewController.swift */,
				952DEFD922FD554F004DC141 /* Main.storyboard */,
				952DEFDC22FD555D004DC141 /* Assets.xcassets */,
				952DEFDE22FD555D004DC141 /* LaunchScreen.storyboard */,
				952DEFE122FD555D004DC141 /* Info.plist */,
			);
			path = Mamamoo;
			sourceTree = "<group>";
		};
/* End PBXGroup section */

/* Begin PBXNativeTarget section */
		952DEFD122FD554F004DC141 /* Mamamoo */ = {
			isa = PBXNativeTarget;
			buildConfigurationList = 952DEFE422FD555D004DC141 /* Build configuration list for PBXNativeTarget "Mamamoo" */;
			buildPhases = (
				952DEFCE22FD554F004DC141 /* Sources */,
				952DEFCF22FD554F004DC141 /* Frameworks */,
				952DEFD022FD554F004DC141 /* Resources */,
			);
			buildRules = (
			);
			dependencies = (
			);
			name = Mamamoo;
			productName = Mamamoo;
			productReference = 952DEFD222FD554F004DC141 /* Mamamoo.app */;
			productType = "com.apple.product-type.application";
		};
/* End PBXNativeTarget section */

/* Begin PBXProject section */
		952DEFCA22FD554F004DC141 /* Project object */ = {
			isa = PBXProject;
			attributes = {
				LastSwiftUpdateCheck = 0940;
				LastUpgradeCheck = 0940;
				ORGANIZATIONNAME = cscoi008;
				TargetAttributes = {
					952DEFD122FD554F004DC141 = {
						CreatedOnToolsVersion = 9.4.1;
					};
				};
			};
			buildConfigurationList = 952DEFCD22FD554F004DC141 /* Build configuration list for PBXProject "Mamamoo" */;
			compatibilityVersion = "Xcode 9.3";
			developmentRegion = en;
			hasScannedForEncodings = 0;
			knownRegions = (
				en,
				Base,
			);
			mainGroup = 952DEFC922FD554F004DC141;
			productRefGroup = 952DEFD322FD554F004DC141 /* Products */;
			projectDirPath = "";
			projectRoot = "";
			targets = (
				952DEFD122FD554F004DC141 /* Mamamoo */,
			);
		};
/* End PBXProject section */

/* Begin PBXResourcesBuildPhase section */
		952DEFD022FD554F004DC141 /* Resources */ = {
			isa = PBXResourcesBuildPhase;
			buildActionMask = 2147483647;
			files = (
				952DEFE022FD555D004DC141 /* LaunchScreen.storyboard in Resources */,
				952DEFDD22FD555D004DC141 /* Assets.xcassets in Resources */,
				952DEFDB22FD554F004DC141 /* Main.storyboard in Resources */,
			);
			runOnlyForDeploymentPostprocessing = 0;
		};
/* End PBXResourcesBuildPhase section */

/* Begin PBXSourcesBuildPhase section */
		952DEFCE22FD554F004DC141 /* Sources */ = {
			isa = PBXSourcesBuildPhase;
			buildActionMask = 2147483647;
			files = (
				952DEFEA22FD5D1E004DC141 /* MamamooViewController.swift in Sources */,
				952DEFE822FD5C4F004DC141 /* Mamamoo.swift in Sources */,
				952DEFD822FD554F004DC141 /* ViewController.swift in Sources */,
				952DEFD622FD554F004DC141 /* AppDelegate.swift in Sources */,
			);
			runOnlyForDeploymentPostprocessing = 0;
		};
/* End PBXSourcesBuildPhase section */

/* Begin PBXVariantGroup section */
		952DEFD922FD554F004DC141 /* Main.storyboard */ = {
			isa = PBXVariantGroup;
			children = (
				952DEFDA22FD554F004DC141 /* Base */,
			);
			name = Main.storyboard;
			sourceTree = "<group>";
		};
		952DEFDE22FD555D004DC141 /* LaunchScreen.storyboard */ = {
			isa = PBXVariantGroup;
			children = (
				952DEFDF22FD555D004DC141 /* Base */,
			);
			name = LaunchScreen.storyboard;
			sourceTree = "<group>";
		};
/* End PBXVariantGroup section */

/* Begin XCBuildConfiguration section */
		952DEFE222FD555D004DC141 /* Debug */ = {
			isa = XCBuildConfiguration;
			buildSettings = {
				ALWAYS_SEARCH_USER_PATHS = NO;
				CLANG_ANALYZER_NONNULL = YES;
				CLANG_ANALYZER_NUMBER_OBJECT_CONVERSION = YES_AGGRESSIVE;
				CLANG_CXX_LANGUAGE_STANDARD = "gnu++14";
				CLANG_CXX_LIBRARY = "libc++";
				CLANG_ENABLE_MODULES = YES;
				CLANG_ENABLE_OBJC_ARC = YES;
				CLANG_ENABLE_OBJC_WEAK = YES;
				CLANG_WARN_BLOCK_CAPTURE_AUTORELEASING = YES;
				CLANG_WARN_BOOL_CONVERSION = YES;
				CLANG_WARN_COMMA = YES;
				CLANG_WARN_CONSTANT_CONVERSION = YES;
				CLANG_WARN_DEPRECATED_OBJC_IMPLEMENTATIONS = YES;
				CLANG_WARN_DIRECT_OBJC_ISA_USAGE = YES_ERROR;
				CLANG_WARN_DOCUMENTATION_COMMENTS = YES;
				CLANG_WARN_EMPTY_BODY = YES;
				CLANG_WARN_ENUM_CONVERSION = YES;
				CLANG_WARN_INFINITE_RECURSION = YES;
				CLANG_WARN_INT_CONVERSION = YES;
				CLANG_WARN_NON_LITERAL_NULL_CONVERSION = YES;
				CLANG_WARN_OBJC_IMPLICIT_RETAIN_SELF = YES;
				CLANG_WARN_OBJC_LITERAL_CONVERSION = YES;
				CLANG_WARN_OBJC_ROOT_CLASS = YES_ERROR;
				CLANG_WARN_RANGE_LOOP_ANALYSIS = YES;
				CLANG_WARN_STRICT_PROTOTYPES = YES;
				CLANG_WARN_SUSPICIOUS_MOVE = YES;
				CLANG_WARN_UNGUARDED_AVAILABILITY = YES_AGGRESSIVE;
				CLANG_WARN_UNREACHABLE_CODE = YES;
				CLANG_WARN__DUPLICATE_METHOD_MATCH = YES;
				CODE_SIGN_IDENTITY = "iPhone Developer";
				COPY_PHASE_STRIP = NO;
				DEBUG_INFORMATION_FORMAT = dwarf;
				ENABLE_STRICT_OBJC_MSGSEND = YES;
				ENABLE_TESTABILITY = YES;
				GCC_C_LANGUAGE_STANDARD = gnu11;
				GCC_DYNAMIC_NO_PIC = NO;
				GCC_NO_COMMON_BLOCKS = YES;
				GCC_OPTIMIZATION_LEVEL = 0;
				GCC_PREPROCESSOR_DEFINITIONS = (
					"DEBUG=1",
					"$(inherited)",
				);
				GCC_WARN_64_TO_32_BIT_CONVERSION = YES;
				GCC_WARN_ABOUT_RETURN_TYPE = YES_ERROR;
				GCC_WARN_UNDECLARED_SELECTOR = YES;
				GCC_WARN_UNINITIALIZED_AUTOS = YES_AGGRESSIVE;
				GCC_WARN_UNUSED_FUNCTION = YES;
				GCC_WARN_UNUSED_VARIABLE = YES;
				IPHONEOS_DEPLOYMENT_TARGET = 11.4;
				MTL_ENABLE_DEBUG_INFO = YES;
				ONLY_ACTIVE_ARCH = YES;
				SDKROOT = iphoneos;
				SWIFT_ACTIVE_COMPILATION_CONDITIONS = DEBUG;
				SWIFT_OPTIMIZATION_LEVEL = "-Onone";
			};
			name = Debug;
		};
		952DEFE322FD555D004DC141 /* Release */ = {
			isa = XCBuildConfiguration;
			buildSettings = {
				ALWAYS_SEARCH_USER_PATHS = NO;
				CLANG_ANALYZER_NONNULL = YES;
				CLANG_ANALYZER_NUMBER_OBJECT_CONVERSION = YES_AGGRESSIVE;
				CLANG_CXX_LANGUAGE_STANDARD = "gnu++14";
				CLANG_CXX_LIBRARY = "libc++";
				CLANG_ENABLE_MODULES = YES;
				CLANG_ENABLE_OBJC_ARC = YES;
				CLANG_ENABLE_OBJC_WEAK = YES;
				CLANG_WARN_BLOCK_CAPTURE_AUTORELEASING = YES;
				CLANG_WARN_BOOL_CONVERSION = YES;
				CLANG_WARN_COMMA = YES;
				CLANG_WARN_CONSTANT_CONVERSION = YES;
				CLANG_WARN_DEPRECATED_OBJC_IMPLEMENTATIONS = YES;
				CLANG_WARN_DIRECT_OBJC_ISA_USAGE = YES_ERROR;
				CLANG_WARN_DOCUMENTATION_COMMENTS = YES;
				CLANG_WARN_EMPTY_BODY = YES;
				CLANG_WARN_ENUM_CONVERSION = YES;
				CLANG_WARN_INFINITE_RECURSION = YES;
				CLANG_WARN_INT_CONVERSION = YES;
				CLANG_WARN_NON_LITERAL_NULL_CONVERSION = YES;
				CLANG_WARN_OBJC_IMPLICIT_RETAIN_SELF = YES;
				CLANG_WARN_OBJC_LITERAL_CONVERSION = YES;
				CLANG_WARN_OBJC_ROOT_CLASS = YES_ERROR;
				CLANG_WARN_RANGE_LOOP_ANALYSIS = YES;
				CLANG_WARN_STRICT_PROTOTYPES = YES;
				CLANG_WARN_SUSPICIOUS_MOVE = YES;
				CLANG_WARN_UNGUARDED_AVAILABILITY = YES_AGGRESSIVE;
				CLANG_WARN_UNREACHABLE_CODE = YES;
				CLANG_WARN__DUPLICATE_METHOD_MATCH = YES;
				CODE_SIGN_IDENTITY = "iPhone Developer";
				COPY_PHASE_STRIP = NO;
				DEBUG_INFORMATION_FORMAT = "dwarf-with-dsym";
				ENABLE_NS_ASSERTIONS = NO;
				ENABLE_STRICT_OBJC_MSGSEND = YES;
				GCC_C_LANGUAGE_STANDARD = gnu11;
				GCC_NO_COMMON_BLOCKS = YES;
				GCC_WARN_64_TO_32_BIT_CONVERSION = YES;
				GCC_WARN_ABOUT_RETURN_TYPE = YES_ERROR;
				GCC_WARN_UNDECLARED_SELECTOR = YES;
				GCC_WARN_UNINITIALIZED_AUTOS = YES_AGGRESSIVE;
				GCC_WARN_UNUSED_FUNCTION = YES;
				GCC_WARN_UNUSED_VARIABLE = YES;
				IPHONEOS_DEPLOYMENT_TARGET = 11.4;
				MTL_ENABLE_DEBUG_INFO = NO;
				SDKROOT = iphoneos;
				SWIFT_COMPILATION_MODE = wholemodule;
				SWIFT_OPTIMIZATION_LEVEL = "-O";
				VALIDATE_PRODUCT = YES;
			};
			name = Release;
		};
		952DEFE522FD555D004DC141 /* Debug */ = {
			isa = XCBuildConfiguration;
			buildSettings = {
				ASSETCATALOG_COMPILER_APPICON_NAME = AppIcon;
				CODE_SIGN_STYLE = Automatic;
				INFOPLIST_FILE = Mamamoo/Info.plist;
				LD_RUNPATH_SEARCH_PATHS = (
					"$(inherited)",
					"@executable_path/Frameworks",
				);
				PRODUCT_BUNDLE_IDENTIFIER = kr.ac.korea.Mamamoo;
				PRODUCT_NAME = "$(TARGET_NAME)";
				SWIFT_VERSION = 4.0;
				TARGETED_DEVICE_FAMILY = "1,2";
			};
			name = Debug;
		};
		952DEFE622FD555D004DC141 /* Release */ = {
			isa = XCBuildConfiguration;
			buildSettings = {
				ASSETCATALOG_COMPILER_APPICON_NAME = AppIcon;
				CODE_SIGN_STYLE = Automatic;
				INFOPLIST_FILE = Mamamoo/Info.plist;
				LD_RUNPATH_SEARCH_PATHS = (
					"$(inherited)",
					"@executable_path/Frameworks",
				);
				PRODUCT_BUNDLE_IDENTIFIER = kr.ac.korea.Mamamoo;
				PRODUCT_NAME = "$(TARGET_NAME)";
				SWIFT_VERSION = 4.0;
				TARGETED_DEVICE_FAMILY = "1,2";
			};
			name = Release;
		};
/* End XCBuildConfiguration section */

/* Begin XCConfigurationList section */
		952DEFCD22FD554F004DC141 /* Build configuration list for PBXProject "Mamamoo" */ = {
			isa = XCConfigurationList;
			buildConfigurations = (
				952DEFE222FD555D004DC141 /* Debug */,
				952DEFE322FD555D004DC141 /* Release */,
			);
			defaultConfigurationIsVisible = 0;
			defaultConfigurationName = Release;
		};
		952DEFE422FD555D004DC141 /* Build configuration list for PBXNativeTarget "Mamamoo" */ = {
			isa = XCConfigurationList;
			buildConfigurations = (
				952DEFE522FD555D004DC141 /* Debug */,
				952DEFE622FD555D004DC141 /* Release */,
			);
			defaultConfigurationIsVisible = 0;
			defaultConfigurationName = Release;
		};
/* End XCConfigurationList section */
	};
	rootObject = 952DEFCA22FD554F004DC141 /* Project object */;
}
