// !$*UTF8*$!
{
	archiveVersion = 1;
	classes = {
	};
	objectVersion = 48;
	objects = {

/* Begin PBXBuildFile section */
		95B6070122EADDBF00D1DB4F /* AppDelegate.swift in Sources */ = {isa = PBXBuildFile; fileRef = 95B6070022EADDBF00D1DB4F /* AppDelegate.swift */; };
		95B6070322EADDBF00D1DB4F /* ViewController.swift in Sources */ = {isa = PBXBuildFile; fileRef = 95B6070222EADDBF00D1DB4F /* ViewController.swift */; };
		95B6070622EADDBF00D1DB4F /* Main.storyboard in Resources */ = {isa = PBXBuildFile; fileRef = 95B6070422EADDBF00D1DB4F /* Main.storyboard */; };
		95B6070822EADDBF00D1DB4F /* Assets.xcassets in Resources */ = {isa = PBXBuildFile; fileRef = 95B6070722EADDBF00D1DB4F /* Assets.xcassets */; };
		95B6070B22EADDBF00D1DB4F /* LaunchScreen.storyboard in Resources */ = {isa = PBXBuildFile; fileRef = 95B6070922EADDBF00D1DB4F /* LaunchScreen.storyboard */; };
		95B6071322EADEEB00D1DB4F /* BirdView.swift in Sources */ = {isa = PBXBuildFile; fileRef = 95B6071222EADEEB00D1DB4F /* BirdView.swift */; };
/* End PBXBuildFile section */

/* Begin PBXFileReference section */
		95B606FD22EADDBF00D1DB4F /* flappy.app */ = {isa = PBXFileReference; explicitFileType = wrapper.application; includeInIndex = 0; path = flappy.app; sourceTree = BUILT_PRODUCTS_DIR; };
		95B6070022EADDBF00D1DB4F /* AppDelegate.swift */ = {isa = PBXFileReference; lastKnownFileType = sourcecode.swift; path = AppDelegate.swift; sourceTree = "<group>"; };
		95B6070222EADDBF00D1DB4F /* ViewController.swift */ = {isa = PBXFileReference; lastKnownFileType = sourcecode.swift; path = ViewController.swift; sourceTree = "<group>"; };
		95B6070522EADDBF00D1DB4F /* Base */ = {isa = PBXFileReference; lastKnownFileType = file.storyboard; name = Base; path = Base.lproj/Main.storyboard; sourceTree = "<group>"; };
		95B6070722EADDBF00D1DB4F /* Assets.xcassets */ = {isa = PBXFileReference; lastKnownFileType = folder.assetcatalog; path = Assets.xcassets; sourceTree = "<group>"; };
		95B6070A22EADDBF00D1DB4F /* Base */ = {isa = PBXFileReference; lastKnownFileType = file.storyboard; name = Base; path = Base.lproj/LaunchScreen.storyboard; sourceTree = "<group>"; };
		95B6070C22EADDBF00D1DB4F /* Info.plist */ = {isa = PBXFileReference; lastKnownFileType = text.plist.xml; path = Info.plist; sourceTree = "<group>"; };
		95B6071222EADEEB00D1DB4F /* BirdView.swift */ = {isa = PBXFileReference; lastKnownFileType = sourcecode.swift; path = BirdView.swift; sourceTree = "<group>"; };
/* End PBXFileReference section */

/* Begin PBXFrameworksBuildPhase section */
		95B606FA22EADDBF00D1DB4F /* Frameworks */ = {
			isa = PBXFrameworksBuildPhase;
			buildActionMask = 2147483647;
			files = (
			);
			runOnlyForDeploymentPostprocessing = 0;
		};
/* End PBXFrameworksBuildPhase section */

/* Begin PBXGroup section */
		95B606F422EADDBF00D1DB4F = {
			isa = PBXGroup;
			children = (
				95B606FF22EADDBF00D1DB4F /* flappy */,
				95B606FE22EADDBF00D1DB4F /* Products */,
			);
			sourceTree = "<group>";
		};
		95B606FE22EADDBF00D1DB4F /* Products */ = {
			isa = PBXGroup;
			children = (
				95B606FD22EADDBF00D1DB4F /* flappy.app */,
			);
			name = Products;
			sourceTree = "<group>";
		};
		95B606FF22EADDBF00D1DB4F /* flappy */ = {
			isa = PBXGroup;
			children = (
				95B6070022EADDBF00D1DB4F /* AppDelegate.swift */,
				95B6070222EADDBF00D1DB4F /* ViewController.swift */,
				95B6070422EADDBF00D1DB4F /* Main.storyboard */,
				95B6070722EADDBF00D1DB4F /* Assets.xcassets */,
				95B6071222EADEEB00D1DB4F /* BirdView.swift */,
				95B6070922EADDBF00D1DB4F /* LaunchScreen.storyboard */,
				95B6070C22EADDBF00D1DB4F /* Info.plist */,
			);
			path = flappy;
			sourceTree = "<group>";
		};
/* End PBXGroup section */

/* Begin PBXNativeTarget section */
		95B606FC22EADDBF00D1DB4F /* flappy */ = {
			isa = PBXNativeTarget;
			buildConfigurationList = 95B6070F22EADDBF00D1DB4F /* Build configuration list for PBXNativeTarget "flappy" */;
			buildPhases = (
				95B606F922EADDBF00D1DB4F /* Sources */,
				95B606FA22EADDBF00D1DB4F /* Frameworks */,
				95B606FB22EADDBF00D1DB4F /* Resources */,
			);
			buildRules = (
			);
			dependencies = (
			);
			name = flappy;
			productName = flappy;
			productReference = 95B606FD22EADDBF00D1DB4F /* flappy.app */;
			productType = "com.apple.product-type.application";
		};
/* End PBXNativeTarget section */

/* Begin PBXProject section */
		95B606F522EADDBF00D1DB4F /* Project object */ = {
			isa = PBXProject;
			attributes = {
				LastSwiftUpdateCheck = 0920;
				LastUpgradeCheck = 0920;
				ORGANIZATIONNAME = cscoi008;
				TargetAttributes = {
					95B606FC22EADDBF00D1DB4F = {
						CreatedOnToolsVersion = 9.2;
						ProvisioningStyle = Automatic;
					};
				};
			};
			buildConfigurationList = 95B606F822EADDBF00D1DB4F /* Build configuration list for PBXProject "flappy" */;
			compatibilityVersion = "Xcode 8.0";
			developmentRegion = en;
			hasScannedForEncodings = 0;
			knownRegions = (
				en,
				Base,
			);
			mainGroup = 95B606F422EADDBF00D1DB4F;
			productRefGroup = 95B606FE22EADDBF00D1DB4F /* Products */;
			projectDirPath = "";
			projectRoot = "";
			targets = (
				95B606FC22EADDBF00D1DB4F /* flappy */,
			);
		};
/* End PBXProject section */

/* Begin PBXResourcesBuildPhase section */
		95B606FB22EADDBF00D1DB4F /* Resources */ = {
			isa = PBXResourcesBuildPhase;
			buildActionMask = 2147483647;
			files = (
				95B6070B22EADDBF00D1DB4F /* LaunchScreen.storyboard in Resources */,
				95B6070822EADDBF00D1DB4F /* Assets.xcassets in Resources */,
				95B6070622EADDBF00D1DB4F /* Main.storyboard in Resources */,
			);
			runOnlyForDeploymentPostprocessing = 0;
		};
/* End PBXResourcesBuildPhase section */

/* Begin PBXSourcesBuildPhase section */
		95B606F922EADDBF00D1DB4F /* Sources */ = {
			isa = PBXSourcesBuildPhase;
			buildActionMask = 2147483647;
			files = (
				95B6071322EADEEB00D1DB4F /* BirdView.swift in Sources */,
				95B6070322EADDBF00D1DB4F /* ViewController.swift in Sources */,
				95B6070122EADDBF00D1DB4F /* AppDelegate.swift in Sources */,
			);
			runOnlyForDeploymentPostprocessing = 0;
		};
/* End PBXSourcesBuildPhase section */

/* Begin PBXVariantGroup section */
		95B6070422EADDBF00D1DB4F /* Main.storyboard */ = {
			isa = PBXVariantGroup;
			children = (
				95B6070522EADDBF00D1DB4F /* Base */,
			);
			name = Main.storyboard;
			sourceTree = "<group>";
		};
		95B6070922EADDBF00D1DB4F /* LaunchScreen.storyboard */ = {
			isa = PBXVariantGroup;
			children = (
				95B6070A22EADDBF00D1DB4F /* Base */,
			);
			name = LaunchScreen.storyboard;
			sourceTree = "<group>";
		};
/* End PBXVariantGroup section */

/* Begin XCBuildConfiguration section */
		95B6070D22EADDBF00D1DB4F /* Debug */ = {
			isa = XCBuildConfiguration;
			buildSettings = {
				ALWAYS_SEARCH_USER_PATHS = NO;
				CLANG_ANALYZER_NONNULL = YES;
				CLANG_ANALYZER_NUMBER_OBJECT_CONVERSION = YES_AGGRESSIVE;
				CLANG_CXX_LANGUAGE_STANDARD = "gnu++14";
				CLANG_CXX_LIBRARY = "libc++";
				CLANG_ENABLE_MODULES = YES;
				CLANG_ENABLE_OBJC_ARC = YES;
				CLANG_WARN_BLOCK_CAPTURE_AUTORELEASING = YES;
				CLANG_WARN_BOOL_CONVERSION = YES;
				CLANG_WARN_COMMA = YES;
				CLANG_WARN_CONSTANT_CONVERSION = YES;
				CLANG_WARN_DIRECT_OBJC_ISA_USAGE = YES_ERROR;
				CLANG_WARN_DOCUMENTATION_COMMENTS = YES;
				CLANG_WARN_EMPTY_BODY = YES;
				CLANG_WARN_ENUM_CONVERSION = YES;
				CLANG_WARN_INFINITE_RECURSION = YES;
				CLANG_WARN_INT_CONVERSION = YES;
				CLANG_WARN_NON_LITERAL_NULL_CONVERSION = YES;
				CLANG_WARN_OBJC_LITERAL_CONVERSION = YES;
				CLANG_WARN_OBJC_ROOT_CLASS = YES_ERROR;
				CLANG_WARN_RANGE_LOOP_ANALYSIS = YES;
				CLANG_WARN_STRICT_PROTOTYPES = YES;
				CLANG_WARN_SUSPICIOUS_MOVE = YES;
				CLANG_WARN_UNGUARDED_AVAILABILITY = YES_AGGRESSIVE;
				CLANG_WARN_UNREACHABLE_CODE = YES;
				CLANG_WARN__DUPLICATE_METHOD_MATCH = YES;
				CODE_SIGN_IDENTITY = "iPhone Developer";
				COPY_PHASE_STRIP = NO;
				DEBUG_INFORMATION_FORMAT = dwarf;
				ENABLE_STRICT_OBJC_MSGSEND = YES;
				ENABLE_TESTABILITY = YES;
				GCC_C_LANGUAGE_STANDARD = gnu11;
				GCC_DYNAMIC_NO_PIC = NO;
				GCC_NO_COMMON_BLOCKS = YES;
				GCC_OPTIMIZATION_LEVEL = 0;
				GCC_PREPROCESSOR_DEFINITIONS = (
					"DEBUG=1",
					"$(inherited)",
				);
				GCC_WARN_64_TO_32_BIT_CONVERSION = YES;
				GCC_WARN_ABOUT_RETURN_TYPE = YES_ERROR;
				GCC_WARN_UNDECLARED_SELECTOR = YES;
				GCC_WARN_UNINITIALIZED_AUTOS = YES_AGGRESSIVE;
				GCC_WARN_UNUSED_FUNCTION = YES;
				GCC_WARN_UNUSED_VARIABLE = YES;
				IPHONEOS_DEPLOYMENT_TARGET = 11.2;
				MTL_ENABLE_DEBUG_INFO = YES;
				ONLY_ACTIVE_ARCH = YES;
				SDKROOT = iphoneos;
				SWIFT_ACTIVE_COMPILATION_CONDITIONS = DEBUG;
				SWIFT_OPTIMIZATION_LEVEL = "-Onone";
			};
			name = Debug;
		};
		95B6070E22EADDBF00D1DB4F /* Release */ = {
			isa = XCBuildConfiguration;
			buildSettings = {
				ALWAYS_SEARCH_USER_PATHS = NO;
				CLANG_ANALYZER_NONNULL = YES;
				CLANG_ANALYZER_NUMBER_OBJECT_CONVERSION = YES_AGGRESSIVE;
				CLANG_CXX_LANGUAGE_STANDARD = "gnu++14";
				CLANG_CXX_LIBRARY = "libc++";
				CLANG_ENABLE_MODULES = YES;
				CLANG_ENABLE_OBJC_ARC = YES;
				CLANG_WARN_BLOCK_CAPTURE_AUTORELEASING = YES;
				CLANG_WARN_BOOL_CONVERSION = YES;
				CLANG_WARN_COMMA = YES;
				CLANG_WARN_CONSTANT_CONVERSION = YES;
				CLANG_WARN_DIRECT_OBJC_ISA_USAGE = YES_ERROR;
				CLANG_WARN_DOCUMENTATION_COMMENTS = YES;
				CLANG_WARN_EMPTY_BODY = YES;
				CLANG_WARN_ENUM_CONVERSION = YES;
				CLANG_WARN_INFINITE_RECURSION = YES;
				CLANG_WARN_INT_CONVERSION = YES;
				CLANG_WARN_NON_LITERAL_NULL_CONVERSION = YES;
				CLANG_WARN_OBJC_LITERAL_CONVERSION = YES;
				CLANG_WARN_OBJC_ROOT_CLASS = YES_ERROR;
				CLANG_WARN_RANGE_LOOP_ANALYSIS = YES;
				CLANG_WARN_STRICT_PROTOTYPES = YES;
				CLANG_WARN_SUSPICIOUS_MOVE = YES;
				CLANG_WARN_UNGUARDED_AVAILABILITY = YES_AGGRESSIVE;
				CLANG_WARN_UNREACHABLE_CODE = YES;
				CLANG_WARN__DUPLICATE_METHOD_MATCH = YES;
				CODE_SIGN_IDENTITY = "iPhone Developer";
				COPY_PHASE_STRIP = NO;
				DEBUG_INFORMATION_FORMAT = "dwarf-with-dsym";
				ENABLE_NS_ASSERTIONS = NO;
				ENABLE_STRICT_OBJC_MSGSEND = YES;
				GCC_C_LANGUAGE_STANDARD = gnu11;
				GCC_NO_COMMON_BLOCKS = YES;
				GCC_WARN_64_TO_32_BIT_CONVERSION = YES;
				GCC_WARN_ABOUT_RETURN_TYPE = YES_ERROR;
				GCC_WARN_UNDECLARED_SELECTOR = YES;
				GCC_WARN_UNINITIALIZED_AUTOS = YES_AGGRESSIVE;
				GCC_WARN_UNUSED_FUNCTION = YES;
				GCC_WARN_UNUSED_VARIABLE = YES;
				IPHONEOS_DEPLOYMENT_TARGET = 11.2;
				MTL_ENABLE_DEBUG_INFO = NO;
				SDKROOT = iphoneos;
				SWIFT_OPTIMIZATION_LEVEL = "-Owholemodule";
				VALIDATE_PRODUCT = YES;
			};
			name = Release;
		};
		95B6071022EADDBF00D1DB4F /* Debug */ = {
			isa = XCBuildConfiguration;
			buildSettings = {
				ASSETCATALOG_COMPILER_APPICON_NAME = AppIcon;
				CODE_SIGN_STYLE = Automatic;
				INFOPLIST_FILE = flappy/Info.plist;
				LD_RUNPATH_SEARCH_PATHS = "$(inherited) @executable_path/Frameworks";
				PRODUCT_BUNDLE_IDENTIFIER = kr.ac.korea.flappy;
				PRODUCT_NAME = "$(TARGET_NAME)";
				SWIFT_VERSION = 4.0;
				TARGETED_DEVICE_FAMILY = "1,2";
			};
			name = Debug;
		};
		95B6071122EADDBF00D1DB4F /* Release */ = {
			isa = XCBuildConfiguration;
			buildSettings = {
				ASSETCATALOG_COMPILER_APPICON_NAME = AppIcon;
				CODE_SIGN_STYLE = Automatic;
				INFOPLIST_FILE = flappy/Info.plist;
				LD_RUNPATH_SEARCH_PATHS = "$(inherited) @executable_path/Frameworks";
				PRODUCT_BUNDLE_IDENTIFIER = kr.ac.korea.flappy;
				PRODUCT_NAME = "$(TARGET_NAME)";
				SWIFT_VERSION = 4.0;
				TARGETED_DEVICE_FAMILY = "1,2";
			};
			name = Release;
		};
/* End XCBuildConfiguration section */

/* Begin XCConfigurationList section */
		95B606F822EADDBF00D1DB4F /* Build configuration list for PBXProject "flappy" */ = {
			isa = XCConfigurationList;
			buildConfigurations = (
				95B6070D22EADDBF00D1DB4F /* Debug */,
				95B6070E22EADDBF00D1DB4F /* Release */,
			);
			defaultConfigurationIsVisible = 0;
			defaultConfigurationName = Release;
		};
		95B6070F22EADDBF00D1DB4F /* Build configuration list for PBXNativeTarget "flappy" */ = {
			isa = XCConfigurationList;
			buildConfigurations = (
				95B6071022EADDBF00D1DB4F /* Debug */,
				95B6071122EADDBF00D1DB4F /* Release */,
			);
			defaultConfigurationIsVisible = 0;
			defaultConfigurationName = Release;
		};
/* End XCConfigurationList section */
	};
	rootObject = 95B606F522EADDBF00D1DB4F /* Project object */;
}
