// !$*UTF8*$!
{
	archiveVersion = 1;
	classes = {
	};
	objectVersion = 50;
	objects = {

/* Begin PBXBuildFile section */
		952292CC22FBE7A2003A4859 /* AppDelegate.swift in Sources */ = {isa = PBXBuildFile; fileRef = 952292CB22FBE7A2003A4859 /* AppDelegate.swift */; };
		952292CE22FBE7A2003A4859 /* ViewController.swift in Sources */ = {isa = PBXBuildFile; fileRef = 952292CD22FBE7A2003A4859 /* ViewController.swift */; };
		952292D122FBE7A2003A4859 /* Main.storyboard in Resources */ = {isa = PBXBuildFile; fileRef = 952292CF22FBE7A2003A4859 /* Main.storyboard */; };
		952292D322FBE7A4003A4859 /* Assets.xcassets in Resources */ = {isa = PBXBuildFile; fileRef = 952292D222FBE7A4003A4859 /* Assets.xcassets */; };
		952292D622FBE7A4003A4859 /* LaunchScreen.storyboard in Resources */ = {isa = PBXBuildFile; fileRef = 952292D422FBE7A4003A4859 /* LaunchScreen.storyboard */; };
		952292DE22FBE824003A4859 /* MyInfo.swift in Sources */ = {isa = PBXBuildFile; fileRef = 952292DD22FBE824003A4859 /* MyInfo.swift */; };
		952292E022FBEB62003A4859 /* SecondViewController.swift in Sources */ = {isa = PBXBuildFile; fileRef = 952292DF22FBEB62003A4859 /* SecondViewController.swift */; };
/* End PBXBuildFile section */

/* Begin PBXFileReference section */
		952292C822FBE7A2003A4859 /* KUSingletoneSample0808.app */ = {isa = PBXFileReference; explicitFileType = wrapper.application; includeInIndex = 0; path = KUSingletoneSample0808.app; sourceTree = BUILT_PRODUCTS_DIR; };
		952292CB22FBE7A2003A4859 /* AppDelegate.swift */ = {isa = PBXFileReference; lastKnownFileType = sourcecode.swift; path = AppDelegate.swift; sourceTree = "<group>"; };
		952292CD22FBE7A2003A4859 /* ViewController.swift */ = {isa = PBXFileReference; lastKnownFileType = sourcecode.swift; path = ViewController.swift; sourceTree = "<group>"; };
		952292D022FBE7A2003A4859 /* Base */ = {isa = PBXFileReference; lastKnownFileType = file.storyboard; name = Base; path = Base.lproj/Main.storyboard; sourceTree = "<group>"; };
		952292D222FBE7A4003A4859 /* Assets.xcassets */ = {isa = PBXFileReference; lastKnownFileType = folder.assetcatalog; path = Assets.xcassets; sourceTree = "<group>"; };
		952292D522FBE7A4003A4859 /* Base */ = {isa = PBXFileReference; lastKnownFileType = file.storyboard; name = Base; path = Base.lproj/LaunchScreen.storyboard; sourceTree = "<group>"; };
		952292D722FBE7A4003A4859 /* Info.plist */ = {isa = PBXFileReference; lastKnownFileType = text.plist.xml; path = Info.plist; sourceTree = "<group>"; };
		952292DD22FBE824003A4859 /* MyInfo.swift */ = {isa = PBXFileReference; lastKnownFileType = sourcecode.swift; path = MyInfo.swift; sourceTree = "<group>"; };
		952292DF22FBEB62003A4859 /* SecondViewController.swift */ = {isa = PBXFileReference; lastKnownFileType = sourcecode.swift; path = SecondViewController.swift; sourceTree = "<group>"; };
/* End PBXFileReference section */

/* Begin PBXFrameworksBuildPhase section */
		952292C522FBE7A2003A4859 /* Frameworks */ = {
			isa = PBXFrameworksBuildPhase;
			buildActionMask = 2147483647;
			files = (
			);
			runOnlyForDeploymentPostprocessing = 0;
		};
/* End PBXFrameworksBuildPhase section */

/* Begin PBXGroup section */
		952292BF22FBE7A2003A4859 = {
			isa = PBXGroup;
			children = (
				952292CA22FBE7A2003A4859 /* KUSingletoneSample0808 */,
				952292C922FBE7A2003A4859 /* Products */,
			);
			sourceTree = "<group>";
		};
		952292C922FBE7A2003A4859 /* Products */ = {
			isa = PBXGroup;
			children = (
				952292C822FBE7A2003A4859 /* KUSingletoneSample0808.app */,
			);
			name = Products;
			sourceTree = "<group>";
		};
		952292CA22FBE7A2003A4859 /* KUSingletoneSample0808 */ = {
			isa = PBXGroup;
			children = (
				952292CB22FBE7A2003A4859 /* AppDelegate.swift */,
				952292CD22FBE7A2003A4859 /* ViewController.swift */,
				952292DF22FBEB62003A4859 /* SecondViewController.swift */,
				952292CF22FBE7A2003A4859 /* Main.storyboard */,
				952292DD22FBE824003A4859 /* MyInfo.swift */,
				952292D222FBE7A4003A4859 /* Assets.xcassets */,
				952292D422FBE7A4003A4859 /* LaunchScreen.storyboard */,
				952292D722FBE7A4003A4859 /* Info.plist */,
			);
			path = KUSingletoneSample0808;
			sourceTree = "<group>";
		};
/* End PBXGroup section */

/* Begin PBXNativeTarget section */
		952292C722FBE7A2003A4859 /* KUSingletoneSample0808 */ = {
			isa = PBXNativeTarget;
			buildConfigurationList = 952292DA22FBE7A4003A4859 /* Build configuration list for PBXNativeTarget "KUSingletoneSample0808" */;
			buildPhases = (
				952292C422FBE7A2003A4859 /* Sources */,
				952292C522FBE7A2003A4859 /* Frameworks */,
				952292C622FBE7A2003A4859 /* Resources */,
			);
			buildRules = (
			);
			dependencies = (
			);
			name = KUSingletoneSample0808;
			productName = KUSingletoneSample0808;
			productReference = 952292C822FBE7A2003A4859 /* KUSingletoneSample0808.app */;
			productType = "com.apple.product-type.application";
		};
/* End PBXNativeTarget section */

/* Begin PBXProject section */
		952292C022FBE7A2003A4859 /* Project object */ = {
			isa = PBXProject;
			attributes = {
				LastSwiftUpdateCheck = 0940;
				LastUpgradeCheck = 0940;
				ORGANIZATIONNAME = cscoi008;
				TargetAttributes = {
					952292C722FBE7A2003A4859 = {
						CreatedOnToolsVersion = 9.4.1;
					};
				};
			};
			buildConfigurationList = 952292C322FBE7A2003A4859 /* Build configuration list for PBXProject "KUSingletoneSample0808" */;
			compatibilityVersion = "Xcode 9.3";
			developmentRegion = en;
			hasScannedForEncodings = 0;
			knownRegions = (
				en,
				Base,
			);
			mainGroup = 952292BF22FBE7A2003A4859;
			productRefGroup = 952292C922FBE7A2003A4859 /* Products */;
			projectDirPath = "";
			projectRoot = "";
			targets = (
				952292C722FBE7A2003A4859 /* KUSingletoneSample0808 */,
			);
		};
/* End PBXProject section */

/* Begin PBXResourcesBuildPhase section */
		952292C622FBE7A2003A4859 /* Resources */ = {
			isa = PBXResourcesBuildPhase;
			buildActionMask = 2147483647;
			files = (
				952292D622FBE7A4003A4859 /* LaunchScreen.storyboard in Resources */,
				952292D322FBE7A4003A4859 /* Assets.xcassets in Resources */,
				952292D122FBE7A2003A4859 /* Main.storyboard in Resources */,
			);
			runOnlyForDeploymentPostprocessing = 0;
		};
/* End PBXResourcesBuildPhase section */

/* Begin PBXSourcesBuildPhase section */
		952292C422FBE7A2003A4859 /* Sources */ = {
			isa = PBXSourcesBuildPhase;
			buildActionMask = 2147483647;
			files = (
				952292E022FBEB62003A4859 /* SecondViewController.swift in Sources */,
				952292CE22FBE7A2003A4859 /* ViewController.swift in Sources */,
				952292DE22FBE824003A4859 /* MyInfo.swift in Sources */,
				952292CC22FBE7A2003A4859 /* AppDelegate.swift in Sources */,
			);
			runOnlyForDeploymentPostprocessing = 0;
		};
/* End PBXSourcesBuildPhase section */

/* Begin PBXVariantGroup section */
		952292CF22FBE7A2003A4859 /* Main.storyboard */ = {
			isa = PBXVariantGroup;
			children = (
				952292D022FBE7A2003A4859 /* Base */,
			);
			name = Main.storyboard;
			sourceTree = "<group>";
		};
		952292D422FBE7A4003A4859 /* LaunchScreen.storyboard */ = {
			isa = PBXVariantGroup;
			children = (
				952292D522FBE7A4003A4859 /* Base */,
			);
			name = LaunchScreen.storyboard;
			sourceTree = "<group>";
		};
/* End PBXVariantGroup section */

/* Begin XCBuildConfiguration section */
		952292D822FBE7A4003A4859 /* Debug */ = {
			isa = XCBuildConfiguration;
			buildSettings = {
				ALWAYS_SEARCH_USER_PATHS = NO;
				CLANG_ANALYZER_NONNULL = YES;
				CLANG_ANALYZER_NUMBER_OBJECT_CONVERSION = YES_AGGRESSIVE;
				CLANG_CXX_LANGUAGE_STANDARD = "gnu++14";
				CLANG_CXX_LIBRARY = "libc++";
				CLANG_ENABLE_MODULES = YES;
				CLANG_ENABLE_OBJC_ARC = YES;
				CLANG_ENABLE_OBJC_WEAK = YES;
				CLANG_WARN_BLOCK_CAPTURE_AUTORELEASING = YES;
				CLANG_WARN_BOOL_CONVERSION = YES;
				CLANG_WARN_COMMA = YES;
				CLANG_WARN_CONSTANT_CONVERSION = YES;
				CLANG_WARN_DEPRECATED_OBJC_IMPLEMENTATIONS = YES;
				CLANG_WARN_DIRECT_OBJC_ISA_USAGE = YES_ERROR;
				CLANG_WARN_DOCUMENTATION_COMMENTS = YES;
				CLANG_WARN_EMPTY_BODY = YES;
				CLANG_WARN_ENUM_CONVERSION = YES;
				CLANG_WARN_INFINITE_RECURSION = YES;
				CLANG_WARN_INT_CONVERSION = YES;
				CLANG_WARN_NON_LITERAL_NULL_CONVERSION = YES;
				CLANG_WARN_OBJC_IMPLICIT_RETAIN_SELF = YES;
				CLANG_WARN_OBJC_LITERAL_CONVERSION = YES;
				CLANG_WARN_OBJC_ROOT_CLASS = YES_ERROR;
				CLANG_WARN_RANGE_LOOP_ANALYSIS = YES;
				CLANG_WARN_STRICT_PROTOTYPES = YES;
				CLANG_WARN_SUSPICIOUS_MOVE = YES;
				CLANG_WARN_UNGUARDED_AVAILABILITY = YES_AGGRESSIVE;
				CLANG_WARN_UNREACHABLE_CODE = YES;
				CLANG_WARN__DUPLICATE_METHOD_MATCH = YES;
				CODE_SIGN_IDENTITY = "iPhone Developer";
				COPY_PHASE_STRIP = NO;
				DEBUG_INFORMATION_FORMAT = dwarf;
				ENABLE_STRICT_OBJC_MSGSEND = YES;
				ENABLE_TESTABILITY = YES;
				GCC_C_LANGUAGE_STANDARD = gnu11;
				GCC_DYNAMIC_NO_PIC = NO;
				GCC_NO_COMMON_BLOCKS = YES;
				GCC_OPTIMIZATION_LEVEL = 0;
				GCC_PREPROCESSOR_DEFINITIONS = (
					"DEBUG=1",
					"$(inherited)",
				);
				GCC_WARN_64_TO_32_BIT_CONVERSION = YES;
				GCC_WARN_ABOUT_RETURN_TYPE = YES_ERROR;
				GCC_WARN_UNDECLARED_SELECTOR = YES;
				GCC_WARN_UNINITIALIZED_AUTOS = YES_AGGRESSIVE;
				GCC_WARN_UNUSED_FUNCTION = YES;
				GCC_WARN_UNUSED_VARIABLE = YES;
				IPHONEOS_DEPLOYMENT_TARGET = 11.4;
				MTL_ENABLE_DEBUG_INFO = YES;
				ONLY_ACTIVE_ARCH = YES;
				SDKROOT = iphoneos;
				SWIFT_ACTIVE_COMPILATION_CONDITIONS = DEBUG;
				SWIFT_OPTIMIZATION_LEVEL = "-Onone";
			};
			name = Debug;
		};
		952292D922FBE7A4003A4859 /* Release */ = {
			isa = XCBuildConfiguration;
			buildSettings = {
				ALWAYS_SEARCH_USER_PATHS = NO;
				CLANG_ANALYZER_NONNULL = YES;
				CLANG_ANALYZER_NUMBER_OBJECT_CONVERSION = YES_AGGRESSIVE;
				CLANG_CXX_LANGUAGE_STANDARD = "gnu++14";
				CLANG_CXX_LIBRARY = "libc++";
				CLANG_ENABLE_MODULES = YES;
				CLANG_ENABLE_OBJC_ARC = YES;
				CLANG_ENABLE_OBJC_WEAK = YES;
				CLANG_WARN_BLOCK_CAPTURE_AUTORELEASING = YES;
				CLANG_WARN_BOOL_CONVERSION = YES;
				CLANG_WARN_COMMA = YES;
				CLANG_WARN_CONSTANT_CONVERSION = YES;
				CLANG_WARN_DEPRECATED_OBJC_IMPLEMENTATIONS = YES;
				CLANG_WARN_DIRECT_OBJC_ISA_USAGE = YES_ERROR;
				CLANG_WARN_DOCUMENTATION_COMMENTS = YES;
				CLANG_WARN_EMPTY_BODY = YES;
				CLANG_WARN_ENUM_CONVERSION = YES;
				CLANG_WARN_INFINITE_RECURSION = YES;
				CLANG_WARN_INT_CONVERSION = YES;
				CLANG_WARN_NON_LITERAL_NULL_CONVERSION = YES;
				CLANG_WARN_OBJC_IMPLICIT_RETAIN_SELF = YES;
				CLANG_WARN_OBJC_LITERAL_CONVERSION = YES;
				CLANG_WARN_OBJC_ROOT_CLASS = YES_ERROR;
				CLANG_WARN_RANGE_LOOP_ANALYSIS = YES;
				CLANG_WARN_STRICT_PROTOTYPES = YES;
				CLANG_WARN_SUSPICIOUS_MOVE = YES;
				CLANG_WARN_UNGUARDED_AVAILABILITY = YES_AGGRESSIVE;
				CLANG_WARN_UNREACHABLE_CODE = YES;
				CLANG_WARN__DUPLICATE_METHOD_MATCH = YES;
				CODE_SIGN_IDENTITY = "iPhone Developer";
				COPY_PHASE_STRIP = NO;
				DEBUG_INFORMATION_FORMAT = "dwarf-with-dsym";
				ENABLE_NS_ASSERTIONS = NO;
				ENABLE_STRICT_OBJC_MSGSEND = YES;
				GCC_C_LANGUAGE_STANDARD = gnu11;
				GCC_NO_COMMON_BLOCKS = YES;
				GCC_WARN_64_TO_32_BIT_CONVERSION = YES;
				GCC_WARN_ABOUT_RETURN_TYPE = YES_ERROR;
				GCC_WARN_UNDECLARED_SELECTOR = YES;
				GCC_WARN_UNINITIALIZED_AUTOS = YES_AGGRESSIVE;
				GCC_WARN_UNUSED_FUNCTION = YES;
				GCC_WARN_UNUSED_VARIABLE = YES;
				IPHONEOS_DEPLOYMENT_TARGET = 11.4;
				MTL_ENABLE_DEBUG_INFO = NO;
				SDKROOT = iphoneos;
				SWIFT_COMPILATION_MODE = wholemodule;
				SWIFT_OPTIMIZATION_LEVEL = "-O";
				VALIDATE_PRODUCT = YES;
			};
			name = Release;
		};
		952292DB22FBE7A4003A4859 /* Debug */ = {
			isa = XCBuildConfiguration;
			buildSettings = {
				ASSETCATALOG_COMPILER_APPICON_NAME = AppIcon;
				CODE_SIGN_STYLE = Automatic;
				INFOPLIST_FILE = KUSingletoneSample0808/Info.plist;
				LD_RUNPATH_SEARCH_PATHS = (
					"$(inherited)",
					"@executable_path/Frameworks",
				);
				PRODUCT_BUNDLE_IDENTIFIER = kr.ac.korea.KUSingletoneSample0808;
				PRODUCT_NAME = "$(TARGET_NAME)";
				SWIFT_VERSION = 4.0;
				TARGETED_DEVICE_FAMILY = "1,2";
			};
			name = Debug;
		};
		952292DC22FBE7A4003A4859 /* Release */ = {
			isa = XCBuildConfiguration;
			buildSettings = {
				ASSETCATALOG_COMPILER_APPICON_NAME = AppIcon;
				CODE_SIGN_STYLE = Automatic;
				INFOPLIST_FILE = KUSingletoneSample0808/Info.plist;
				LD_RUNPATH_SEARCH_PATHS = (
					"$(inherited)",
					"@executable_path/Frameworks",
				);
				PRODUCT_BUNDLE_IDENTIFIER = kr.ac.korea.KUSingletoneSample0808;
				PRODUCT_NAME = "$(TARGET_NAME)";
				SWIFT_VERSION = 4.0;
				TARGETED_DEVICE_FAMILY = "1,2";
			};
			name = Release;
		};
/* End XCBuildConfiguration section */

/* Begin XCConfigurationList section */
		952292C322FBE7A2003A4859 /* Build configuration list for PBXProject "KUSingletoneSample0808" */ = {
			isa = XCConfigurationList;
			buildConfigurations = (
				952292D822FBE7A4003A4859 /* Debug */,
				952292D922FBE7A4003A4859 /* Release */,
			);
			defaultConfigurationIsVisible = 0;
			defaultConfigurationName = Release;
		};
		952292DA22FBE7A4003A4859 /* Build configuration list for PBXNativeTarget "KUSingletoneSample0808" */ = {
			isa = XCConfigurationList;
			buildConfigurations = (
				952292DB22FBE7A4003A4859 /* Debug */,
				952292DC22FBE7A4003A4859 /* Release */,
			);
			defaultConfigurationIsVisible = 0;
			defaultConfigurationName = Release;
		};
/* End XCConfigurationList section */
	};
	rootObject = 952292C022FBE7A2003A4859 /* Project object */;
}
